// !$*UTF8*$!
{
	archiveVersion = 1;
	classes = {
	};
	objectVersion = 46;
	objects = {

/* Begin PBXBuildFile section */
		5217CB99ABD441EEA371786E /* libPods.a in Frameworks */ = {isa = PBXBuildFile; fileRef = 0FB6C87FF09544BD92A0AA7E /* libPods.a */; };
		E009467618F62DFC00786F96 /* MenuViewController.m in Sources */ = {isa = PBXBuildFile; fileRef = E009467518F62DFC00786F96 /* MenuViewController.m */; };
		E0170A6E18EDE3C80031756D /* UBISingleton.m in Sources */ = {isa = PBXBuildFile; fileRef = E0170A6D18EDE3C80031756D /* UBISingleton.m */; };
		E0170A7218EDE4720031756D /* User.m in Sources */ = {isa = PBXBuildFile; fileRef = E0170A7118EDE4720031756D /* User.m */; };
		E0170A7518EDE4840031756D /* Mall.m in Sources */ = {isa = PBXBuildFile; fileRef = E0170A7418EDE4840031756D /* Mall.m */; };
		E0170A9D18EDE7A50031756D /* NSString+Trim.m in Sources */ = {isa = PBXBuildFile; fileRef = E0170A7A18EDE7A50031756D /* NSString+Trim.m */; };
		E0170A9E18EDE7A50031756D /* UIFont+Alert.m in Sources */ = {isa = PBXBuildFile; fileRef = E0170A7C18EDE7A50031756D /* UIFont+Alert.m */; };
		E0170A9F18EDE7A50031756D /* UIView+Alert.m in Sources */ = {isa = PBXBuildFile; fileRef = E0170A7E18EDE7A50031756D /* UIView+Alert.m */; };
		E0170AA018EDE7A50031756D /* MBAlertView.m in Sources */ = {isa = PBXBuildFile; fileRef = E0170A8118EDE7A50031756D /* MBAlertView.m */; };
		E0170AA118EDE7A50031756D /* MBAlertViewButton.m in Sources */ = {isa = PBXBuildFile; fileRef = E0170A8318EDE7A50031756D /* MBAlertViewButton.m */; };
		E0170AA218EDE7A50031756D /* MBAlertViewItem.m in Sources */ = {isa = PBXBuildFile; fileRef = E0170A8518EDE7A50031756D /* MBAlertViewItem.m */; };
		E0170AA318EDE7A50031756D /* AutoLayoutHelpers.m in Sources */ = {isa = PBXBuildFile; fileRef = E0170A8918EDE7A50031756D /* AutoLayoutHelpers.m */; };
		E0170AA418EDE7A50031756D /* UIView+Autolayout.m in Sources */ = {isa = PBXBuildFile; fileRef = E0170A8B18EDE7A50031756D /* UIView+Autolayout.m */; };
		E0170AA518EDE7A50031756D /* MBFlatAlertAbstract.m in Sources */ = {isa = PBXBuildFile; fileRef = E0170A8D18EDE7A50031756D /* MBFlatAlertAbstract.m */; };
		E0170AA618EDE7A50031756D /* MBFlatAlertButton.m in Sources */ = {isa = PBXBuildFile; fileRef = E0170A8F18EDE7A50031756D /* MBFlatAlertButton.m */; };
		E0170AA718EDE7A50031756D /* MBFlatAlertView.m in Sources */ = {isa = PBXBuildFile; fileRef = E0170A9118EDE7A50031756D /* MBFlatAlertView.m */; };
		E0170AA818EDE7A50031756D /* MBCheckMarkView.m in Sources */ = {isa = PBXBuildFile; fileRef = E0170A9418EDE7A50031756D /* MBCheckMarkView.m */; };
		E0170AA918EDE7A50031756D /* MBHUDView.m in Sources */ = {isa = PBXBuildFile; fileRef = E0170A9618EDE7A50031756D /* MBHUDView.m */; };
		E0170AAA18EDE7A50031756D /* MBSpinningCircle.m in Sources */ = {isa = PBXBuildFile; fileRef = E0170A9818EDE7A50031756D /* MBSpinningCircle.m */; };
		E0170AAB18EDE7A50031756D /* MBAlertAbstract.m in Sources */ = {isa = PBXBuildFile; fileRef = E0170A9A18EDE7A50031756D /* MBAlertAbstract.m */; };
		E0170AB118EE41AB0031756D /* register_btn.png in Resources */ = {isa = PBXBuildFile; fileRef = E0170AAD18EE41AB0031756D /* register_btn.png */; };
		E0170AB218EE41AB0031756D /* register_btn@2x.png in Resources */ = {isa = PBXBuildFile; fileRef = E0170AAE18EE41AB0031756D /* register_btn@2x.png */; };
		E0170AB318EE41AB0031756D /* register_fields.png in Resources */ = {isa = PBXBuildFile; fileRef = E0170AAF18EE41AB0031756D /* register_fields.png */; };
		E0170AB418EE41AB0031756D /* register_fields@2x.png in Resources */ = {isa = PBXBuildFile; fileRef = E0170AB018EE41AB0031756D /* register_fields@2x.png */; };
		E0170AB818EE5A1C0031756D /* submit_btn.png in Resources */ = {isa = PBXBuildFile; fileRef = E0170AB618EE5A1C0031756D /* submit_btn.png */; };
		E0170AB918EE5A1C0031756D /* submit_btn@2x.png in Resources */ = {isa = PBXBuildFile; fileRef = E0170AB718EE5A1C0031756D /* submit_btn@2x.png */; };
		E0170ABC18EE65990031756D /* MallViewController.m in Sources */ = {isa = PBXBuildFile; fileRef = E0170ABB18EE65990031756D /* MallViewController.m */; };
		E0170ABF18EF51510031756D /* menu.png in Resources */ = {isa = PBXBuildFile; fileRef = E0170ABD18EF51500031756D /* menu.png */; };
		E0170AC018EF51510031756D /* menu@2x.png in Resources */ = {isa = PBXBuildFile; fileRef = E0170ABE18EF51510031756D /* menu@2x.png */; };
		E0170AC318EF51E00031756D /* settings_icon.png in Resources */ = {isa = PBXBuildFile; fileRef = E0170AC118EF51E00031756D /* settings_icon.png */; };
		E0170AC418EF51E00031756D /* settings_icon@2x.png in Resources */ = {isa = PBXBuildFile; fileRef = E0170AC218EF51E00031756D /* settings_icon@2x.png */; };
		E0170AC818EF52090031756D /* mall_image_placeholder.png in Resources */ = {isa = PBXBuildFile; fileRef = E0170AC618EF52090031756D /* mall_image_placeholder.png */; };
		E0170AC918EF52090031756D /* mall_image_placeholder@2x.png in Resources */ = {isa = PBXBuildFile; fileRef = E0170AC718EF52090031756D /* mall_image_placeholder@2x.png */; };
		E053CBE818F4CD96006EB4CE /* AsyncImageView.m in Sources */ = {isa = PBXBuildFile; fileRef = E053CBE718F4CD96006EB4CE /* AsyncImageView.m */; };
		E053CBEB18F4D2D1006EB4CE /* MallListViewController.m in Sources */ = {isa = PBXBuildFile; fileRef = E053CBEA18F4D2D1006EB4CE /* MallListViewController.m */; };
		E053CBEE18F4D587006EB4CE /* MallTableViewCell.m in Sources */ = {isa = PBXBuildFile; fileRef = E053CBED18F4D587006EB4CE /* MallTableViewCell.m */; };
		E053CBF118F59754006EB4CE /* divider.png in Resources */ = {isa = PBXBuildFile; fileRef = E053CBEF18F59754006EB4CE /* divider.png */; };
		E053CBF218F59754006EB4CE /* divider@2x.png in Resources */ = {isa = PBXBuildFile; fileRef = E053CBF018F59754006EB4CE /* divider@2x.png */; };
		E053CBF718F5BD90006EB4CE /* back_btn_2.png in Resources */ = {isa = PBXBuildFile; fileRef = E053CBF318F5BD90006EB4CE /* back_btn_2.png */; };
		E053CBF818F5BD90006EB4CE /* back_btn_2@2x.png in Resources */ = {isa = PBXBuildFile; fileRef = E053CBF418F5BD90006EB4CE /* back_btn_2@2x.png */; };
		E053CBF918F5BD90006EB4CE /* menu2.png in Resources */ = {isa = PBXBuildFile; fileRef = E053CBF518F5BD90006EB4CE /* menu2.png */; };
		E053CBFA18F5BD90006EB4CE /* menu2@2x.png in Resources */ = {isa = PBXBuildFile; fileRef = E053CBF618F5BD90006EB4CE /* menu2@2x.png */; };
		E053CC0218F5CA29006EB4CE /* Default.png in Resources */ = {isa = PBXBuildFile; fileRef = E053CBFE18F5CA29006EB4CE /* Default.png */; };
		E053CC0318F5CA29006EB4CE /* Default@2x.png in Resources */ = {isa = PBXBuildFile; fileRef = E053CBFF18F5CA29006EB4CE /* Default@2x.png */; };
		E053CC0518F5CAB9006EB4CE /* Default-568h.png in Resources */ = {isa = PBXBuildFile; fileRef = E053CC0418F5CAB9006EB4CE /* Default-568h.png */; };
		E055E0A318EB5BD3005B949F /* Foundation.framework in Frameworks */ = {isa = PBXBuildFile; fileRef = E055E0A218EB5BD3005B949F /* Foundation.framework */; };
		E055E0A518EB5BD3005B949F /* CoreGraphics.framework in Frameworks */ = {isa = PBXBuildFile; fileRef = E055E0A418EB5BD3005B949F /* CoreGraphics.framework */; };
		E055E0A718EB5BD3005B949F /* UIKit.framework in Frameworks */ = {isa = PBXBuildFile; fileRef = E055E0A618EB5BD3005B949F /* UIKit.framework */; };
		E055E0AD18EB5BD3005B949F /* InfoPlist.strings in Resources */ = {isa = PBXBuildFile; fileRef = E055E0AB18EB5BD3005B949F /* InfoPlist.strings */; };
		E055E0AF18EB5BD3005B949F /* main.m in Sources */ = {isa = PBXBuildFile; fileRef = E055E0AE18EB5BD3005B949F /* main.m */; };
		E055E0B318EB5BD3005B949F /* UBIAppDelegate.m in Sources */ = {isa = PBXBuildFile; fileRef = E055E0B218EB5BD3005B949F /* UBIAppDelegate.m */; };
		E055E0B618EB5BD4005B949F /* Main.storyboard in Resources */ = {isa = PBXBuildFile; fileRef = E055E0B418EB5BD4005B949F /* Main.storyboard */; };
		E055E0B918EB5BD4005B949F /* UBIViewController.m in Sources */ = {isa = PBXBuildFile; fileRef = E055E0B818EB5BD4005B949F /* UBIViewController.m */; };
		E055E0BB18EB5BD4005B949F /* Images.xcassets in Resources */ = {isa = PBXBuildFile; fileRef = E055E0BA18EB5BD4005B949F /* Images.xcassets */; };
		E055E0C218EB5BD4005B949F /* XCTest.framework in Frameworks */ = {isa = PBXBuildFile; fileRef = E055E0C118EB5BD4005B949F /* XCTest.framework */; };
		E055E0C318EB5BD4005B949F /* Foundation.framework in Frameworks */ = {isa = PBXBuildFile; fileRef = E055E0A218EB5BD3005B949F /* Foundation.framework */; };
		E055E0C418EB5BD4005B949F /* UIKit.framework in Frameworks */ = {isa = PBXBuildFile; fileRef = E055E0A618EB5BD3005B949F /* UIKit.framework */; };
		E055E0CC18EB5BD4005B949F /* InfoPlist.strings in Resources */ = {isa = PBXBuildFile; fileRef = E055E0CA18EB5BD4005B949F /* InfoPlist.strings */; };
		E055E0CE18EB5BD4005B949F /* UBITests.m in Sources */ = {isa = PBXBuildFile; fileRef = E055E0CD18EB5BD4005B949F /* UBITests.m */; };
		E055E0DD18EB64A0005B949F /* login_btn.png in Resources */ = {isa = PBXBuildFile; fileRef = E055E0D918EB64A0005B949F /* login_btn.png */; };
		E055E0DE18EB64A0005B949F /* login_btn@2x.png in Resources */ = {isa = PBXBuildFile; fileRef = E055E0DA18EB64A0005B949F /* login_btn@2x.png */; };
		E055E0DF18EB64A0005B949F /* login_fields.png in Resources */ = {isa = PBXBuildFile; fileRef = E055E0DB18EB64A0005B949F /* login_fields.png */; };
		E055E0E018EB64A0005B949F /* login_fields@2x.png in Resources */ = {isa = PBXBuildFile; fileRef = E055E0DC18EB64A0005B949F /* login_fields@2x.png */; };
		E055E0E318EB67A1005B949F /* login_register_btn.png in Resources */ = {isa = PBXBuildFile; fileRef = E055E0E118EB67A1005B949F /* login_register_btn.png */; };
		E055E0E418EB67A1005B949F /* login_register_btn@2x.png in Resources */ = {isa = PBXBuildFile; fileRef = E055E0E218EB67A1005B949F /* login_register_btn@2x.png */; };
		E055E0EB18EB6CEB005B949F /* login_forgot_btn.png in Resources */ = {isa = PBXBuildFile; fileRef = E055E0E918EB6CEB005B949F /* login_forgot_btn.png */; };
		E055E0EC18EB6CEB005B949F /* login_forgot_btn@2x.png in Resources */ = {isa = PBXBuildFile; fileRef = E055E0EA18EB6CEB005B949F /* login_forgot_btn@2x.png */; };
		E055E0F318EB9F17005B949F /* RegisterViewController.m in Sources */ = {isa = PBXBuildFile; fileRef = E055E0F218EB9F17005B949F /* RegisterViewController.m */; };
		E055E0F618EB9F34005B949F /* ForgotPasswordViewController.m in Sources */ = {isa = PBXBuildFile; fileRef = E055E0F518EB9F34005B949F /* ForgotPasswordViewController.m */; };
		E066080D18EF7E5400EAFB37 /* back_btn.png in Resources */ = {isa = PBXBuildFile; fileRef = E066080B18EF7E5400EAFB37 /* back_btn.png */; };
		E066080E18EF7E5400EAFB37 /* back_btn@2x.png in Resources */ = {isa = PBXBuildFile; fileRef = E066080C18EF7E5400EAFB37 /* back_btn@2x.png */; };
		E0F7D79018F661F500AF3D79 /* Appicon29x29.png in Resources */ = {isa = PBXBuildFile; fileRef = E0F7D78018F661F400AF3D79 /* Appicon29x29.png */; };
		E0F7D79118F661F500AF3D79 /* AppIcon29x29@2x.png in Resources */ = {isa = PBXBuildFile; fileRef = E0F7D78118F661F400AF3D79 /* AppIcon29x29@2x.png */; };
		E0F7D79218F661F500AF3D79 /* AppIcon40x40.png in Resources */ = {isa = PBXBuildFile; fileRef = E0F7D78218F661F400AF3D79 /* AppIcon40x40.png */; };
		E0F7D79318F661F500AF3D79 /* AppIcon40x40@2x.png in Resources */ = {isa = PBXBuildFile; fileRef = E0F7D78318F661F400AF3D79 /* AppIcon40x40@2x.png */; };
		E0F7D79418F661F500AF3D79 /* AppIcon50x50.png in Resources */ = {isa = PBXBuildFile; fileRef = E0F7D78418F661F400AF3D79 /* AppIcon50x50.png */; };
		E0F7D79518F661F500AF3D79 /* AppIcon50x50@2x.png in Resources */ = {isa = PBXBuildFile; fileRef = E0F7D78518F661F400AF3D79 /* AppIcon50x50@2x.png */; };
		E0F7D79618F661F500AF3D79 /* AppIcon57x57.png in Resources */ = {isa = PBXBuildFile; fileRef = E0F7D78618F661F400AF3D79 /* AppIcon57x57.png */; };
		E0F7D79718F661F500AF3D79 /* AppIcon57x57@2x.png in Resources */ = {isa = PBXBuildFile; fileRef = E0F7D78718F661F400AF3D79 /* AppIcon57x57@2x.png */; };
		E0F7D79818F661F500AF3D79 /* AppIcon60x60.png in Resources */ = {isa = PBXBuildFile; fileRef = E0F7D78818F661F400AF3D79 /* AppIcon60x60.png */; };
		E0F7D79918F661F500AF3D79 /* AppIcon60x60@2x.png in Resources */ = {isa = PBXBuildFile; fileRef = E0F7D78918F661F400AF3D79 /* AppIcon60x60@2x.png */; };
		E0F7D79A18F661F500AF3D79 /* AppIcon72x72.png in Resources */ = {isa = PBXBuildFile; fileRef = E0F7D78A18F661F400AF3D79 /* AppIcon72x72.png */; };
		E0F7D79B18F661F500AF3D79 /* AppIcon72x72@2x.png in Resources */ = {isa = PBXBuildFile; fileRef = E0F7D78B18F661F400AF3D79 /* AppIcon72x72@2x.png */; };
		E0F7D79C18F661F500AF3D79 /* AppIcon76x76.png in Resources */ = {isa = PBXBuildFile; fileRef = E0F7D78C18F661F500AF3D79 /* AppIcon76x76.png */; };
		E0F7D79D18F661F500AF3D79 /* AppIcon76x76@2x.png in Resources */ = {isa = PBXBuildFile; fileRef = E0F7D78D18F661F500AF3D79 /* AppIcon76x76@2x.png */; };
		E0F7D79E18F661F500AF3D79 /* iTunesArtwork.png in Resources */ = {isa = PBXBuildFile; fileRef = E0F7D78E18F661F500AF3D79 /* iTunesArtwork.png */; };
		E0F7D79F18F661F500AF3D79 /* iTunesArtwork@2x.png in Resources */ = {isa = PBXBuildFile; fileRef = E0F7D78F18F661F500AF3D79 /* iTunesArtwork@2x.png */; };
		E0F7D7A718F6FF9D00AF3D79 /* account.png in Resources */ = {isa = PBXBuildFile; fileRef = E0F7D7A118F6FF9D00AF3D79 /* account.png */; };
		E0F7D7A818F6FF9D00AF3D79 /* account@2X.png in Resources */ = {isa = PBXBuildFile; fileRef = E0F7D7A218F6FF9D00AF3D79 /* account@2X.png */; };
		E0F7D7A918F6FF9D00AF3D79 /* changepass.png in Resources */ = {isa = PBXBuildFile; fileRef = E0F7D7A318F6FF9D00AF3D79 /* changepass.png */; };
		E0F7D7AA18F6FF9D00AF3D79 /* changepass@2x.png in Resources */ = {isa = PBXBuildFile; fileRef = E0F7D7A418F6FF9D00AF3D79 /* changepass@2x.png */; };
		E0F7D7AB18F6FF9D00AF3D79 /* signout_btn.png in Resources */ = {isa = PBXBuildFile; fileRef = E0F7D7A518F6FF9D00AF3D79 /* signout_btn.png */; };
		E0F7D7AC18F6FF9D00AF3D79 /* signout_btn@2x.png in Resources */ = {isa = PBXBuildFile; fileRef = E0F7D7A618F6FF9D00AF3D79 /* signout_btn@2x.png */; };
		E0F7D7B118F7116400AF3D79 /* ChangePasswordViewController.m in Sources */ = {isa = PBXBuildFile; fileRef = E0F7D7B018F7116400AF3D79 /* ChangePasswordViewController.m */; };
		E0F7D7B418F7117C00AF3D79 /* AccountViewController.m in Sources */ = {isa = PBXBuildFile; fileRef = E0F7D7B318F7117C00AF3D79 /* AccountViewController.m */; };
		E0F7D7BE18F7494700AF3D79 /* textfield_left_call.png in Resources */ = {isa = PBXBuildFile; fileRef = E0F7D7B618F7494700AF3D79 /* textfield_left_call.png */; };
		E0F7D7BF18F7494700AF3D79 /* textfield_left_call@2x.png in Resources */ = {isa = PBXBuildFile; fileRef = E0F7D7B718F7494700AF3D79 /* textfield_left_call@2x.png */; };
		E0F7D7C018F7494700AF3D79 /* textfield_left_email.png in Resources */ = {isa = PBXBuildFile; fileRef = E0F7D7B818F7494700AF3D79 /* textfield_left_email.png */; };
		E0F7D7C118F7494700AF3D79 /* textfield_left_email@2x.png in Resources */ = {isa = PBXBuildFile; fileRef = E0F7D7B918F7494700AF3D79 /* textfield_left_email@2x.png */; };
		E0F7D7C218F7494700AF3D79 /* textfield_left_key.png in Resources */ = {isa = PBXBuildFile; fileRef = E0F7D7BA18F7494700AF3D79 /* textfield_left_key.png */; };
		E0F7D7C318F7494700AF3D79 /* textfield_left_key@2x.png in Resources */ = {isa = PBXBuildFile; fileRef = E0F7D7BB18F7494700AF3D79 /* textfield_left_key@2x.png */; };
		E0F7D7C418F7494700AF3D79 /* textfield_left_person.png in Resources */ = {isa = PBXBuildFile; fileRef = E0F7D7BC18F7494700AF3D79 /* textfield_left_person.png */; };
		E0F7D7C518F7494700AF3D79 /* textfield_left_person@2x.png in Resources */ = {isa = PBXBuildFile; fileRef = E0F7D7BD18F7494700AF3D79 /* textfield_left_person@2x.png */; };
		E0F7D7C818F74CE100AF3D79 /* textfield_left_03 copy.png in Resources */ = {isa = PBXBuildFile; fileRef = E0F7D7C618F74CE100AF3D79 /* textfield_left_03 copy.png */; };
		E0F7D7C918F74CE100AF3D79 /* textfield_left_03.png in Resources */ = {isa = PBXBuildFile; fileRef = E0F7D7C718F74CE100AF3D79 /* textfield_left_03.png */; };
		E0F7D7D218F74DD500AF3D79 /* textfield-left-call.png in Resources */ = {isa = PBXBuildFile; fileRef = E0F7D7CA18F74DD500AF3D79 /* textfield-left-call.png */; };
		E0F7D7D318F74DD500AF3D79 /* textfield-left-call@2x.png in Resources */ = {isa = PBXBuildFile; fileRef = E0F7D7CB18F74DD500AF3D79 /* textfield-left-call@2x.png */; };
		E0F7D7D418F74DD500AF3D79 /* textfield-left-email.png in Resources */ = {isa = PBXBuildFile; fileRef = E0F7D7CC18F74DD500AF3D79 /* textfield-left-email.png */; };
		E0F7D7D518F74DD500AF3D79 /* textfield-left-email@2x.png in Resources */ = {isa = PBXBuildFile; fileRef = E0F7D7CD18F74DD500AF3D79 /* textfield-left-email@2x.png */; };
		E0F7D7D618F74DD500AF3D79 /* textfield-left-key.png in Resources */ = {isa = PBXBuildFile; fileRef = E0F7D7CE18F74DD500AF3D79 /* textfield-left-key.png */; };
		E0F7D7D718F74DD500AF3D79 /* textfield-left-key@2x.png in Resources */ = {isa = PBXBuildFile; fileRef = E0F7D7CF18F74DD500AF3D79 /* textfield-left-key@2x.png */; };
		E0F7D7D818F74DD500AF3D79 /* textfield-left-user.png in Resources */ = {isa = PBXBuildFile; fileRef = E0F7D7D018F74DD500AF3D79 /* textfield-left-user.png */; };
		E0F7D7D918F74DD500AF3D79 /* textfield-left-user@2x.png in Resources */ = {isa = PBXBuildFile; fileRef = E0F7D7D118F74DD500AF3D79 /* textfield-left-user@2x.png */; };
		E0F7D7E018F7551700AF3D79 /* register_btn_2.png in Resources */ = {isa = PBXBuildFile; fileRef = E0F7D7DA18F7551700AF3D79 /* register_btn_2.png */; };
		E0F7D7E118F7551700AF3D79 /* register_btn_2@2x.png in Resources */ = {isa = PBXBuildFile; fileRef = E0F7D7DB18F7551700AF3D79 /* register_btn_2@2x.png */; };
		E0F7D7E218F7551700AF3D79 /* signin_btn_2.png in Resources */ = {isa = PBXBuildFile; fileRef = E0F7D7DC18F7551700AF3D79 /* signin_btn_2.png */; };
		E0F7D7E318F7551700AF3D79 /* signin_btn_2@2x.png in Resources */ = {isa = PBXBuildFile; fileRef = E0F7D7DD18F7551700AF3D79 /* signin_btn_2@2x.png */; };
		E0F7D7E418F7551700AF3D79 /* submit_btn_2.png in Resources */ = {isa = PBXBuildFile; fileRef = E0F7D7DE18F7551700AF3D79 /* submit_btn_2.png */; };
		E0F7D7E518F7551700AF3D79 /* submit_btn_2@2x.png in Resources */ = {isa = PBXBuildFile; fileRef = E0F7D7DF18F7551700AF3D79 /* submit_btn_2@2x.png */; };
		E0F7D7E818F7552C00AF3D79 /* loginfields_btn_2.png in Resources */ = {isa = PBXBuildFile; fileRef = E0F7D7E618F7552C00AF3D79 /* loginfields_btn_2.png */; };
		E0F7D7E918F7552C00AF3D79 /* loginfields_btn_2@2x.png in Resources */ = {isa = PBXBuildFile; fileRef = E0F7D7E718F7552C00AF3D79 /* loginfields_btn_2@2x.png */; };
		E0F7D7FD18F7576000AF3D79 /* Roboto-Black.ttf in Resources */ = {isa = PBXBuildFile; fileRef = E0F7D7EB18F7576000AF3D79 /* Roboto-Black.ttf */; };
		E0F7D7FE18F7576000AF3D79 /* Roboto-BlackItalic.ttf in Resources */ = {isa = PBXBuildFile; fileRef = E0F7D7EC18F7576000AF3D79 /* Roboto-BlackItalic.ttf */; };
		E0F7D7FF18F7576000AF3D79 /* Roboto-Bold.ttf in Resources */ = {isa = PBXBuildFile; fileRef = E0F7D7ED18F7576000AF3D79 /* Roboto-Bold.ttf */; };
		E0F7D80018F7576000AF3D79 /* Roboto-BoldItalic.ttf in Resources */ = {isa = PBXBuildFile; fileRef = E0F7D7EE18F7576000AF3D79 /* Roboto-BoldItalic.ttf */; };
		E0F7D80118F7576000AF3D79 /* Roboto-Italic.ttf in Resources */ = {isa = PBXBuildFile; fileRef = E0F7D7EF18F7576000AF3D79 /* Roboto-Italic.ttf */; };
		E0F7D80218F7576000AF3D79 /* Roboto-Light.ttf in Resources */ = {isa = PBXBuildFile; fileRef = E0F7D7F018F7576000AF3D79 /* Roboto-Light.ttf */; };
		E0F7D80318F7576000AF3D79 /* Roboto-LightItalic.ttf in Resources */ = {isa = PBXBuildFile; fileRef = E0F7D7F118F7576000AF3D79 /* Roboto-LightItalic.ttf */; };
		E0F7D80418F7576000AF3D79 /* Roboto-Medium.ttf in Resources */ = {isa = PBXBuildFile; fileRef = E0F7D7F218F7576000AF3D79 /* Roboto-Medium.ttf */; };
		E0F7D80518F7576000AF3D79 /* Roboto-MediumItalic.ttf in Resources */ = {isa = PBXBuildFile; fileRef = E0F7D7F318F7576000AF3D79 /* Roboto-MediumItalic.ttf */; };
		E0F7D80618F7576000AF3D79 /* Roboto-Regular.ttf in Resources */ = {isa = PBXBuildFile; fileRef = E0F7D7F418F7576000AF3D79 /* Roboto-Regular.ttf */; };
		E0F7D80718F7576000AF3D79 /* Roboto-Thin.ttf in Resources */ = {isa = PBXBuildFile; fileRef = E0F7D7F518F7576000AF3D79 /* Roboto-Thin.ttf */; };
		E0F7D80818F7576000AF3D79 /* Roboto-ThinItalic.ttf in Resources */ = {isa = PBXBuildFile; fileRef = E0F7D7F618F7576000AF3D79 /* Roboto-ThinItalic.ttf */; };
		E0F7D80918F7576000AF3D79 /* RobotoCondensed-Bold.ttf in Resources */ = {isa = PBXBuildFile; fileRef = E0F7D7F718F7576000AF3D79 /* RobotoCondensed-Bold.ttf */; };
		E0F7D80A18F7576000AF3D79 /* RobotoCondensed-BoldItalic.ttf in Resources */ = {isa = PBXBuildFile; fileRef = E0F7D7F818F7576000AF3D79 /* RobotoCondensed-BoldItalic.ttf */; };
		E0F7D80B18F7576000AF3D79 /* RobotoCondensed-Italic.ttf in Resources */ = {isa = PBXBuildFile; fileRef = E0F7D7F918F7576000AF3D79 /* RobotoCondensed-Italic.ttf */; };
		E0F7D80C18F7576000AF3D79 /* RobotoCondensed-Light.ttf in Resources */ = {isa = PBXBuildFile; fileRef = E0F7D7FA18F7576000AF3D79 /* RobotoCondensed-Light.ttf */; };
		E0F7D80D18F7576000AF3D79 /* RobotoCondensed-LightItalic.ttf in Resources */ = {isa = PBXBuildFile; fileRef = E0F7D7FB18F7576000AF3D79 /* RobotoCondensed-LightItalic.ttf */; };
		E0F7D80E18F7576000AF3D79 /* RobotoCondensed-Regular.ttf in Resources */ = {isa = PBXBuildFile; fileRef = E0F7D7FC18F7576000AF3D79 /* RobotoCondensed-Regular.ttf */; };
/* End PBXBuildFile section */

/* Begin PBXContainerItemProxy section */
		E055E0C518EB5BD4005B949F /* PBXContainerItemProxy */ = {
			isa = PBXContainerItemProxy;
			containerPortal = E055E09718EB5BD3005B949F /* Project object */;
			proxyType = 1;
			remoteGlobalIDString = E055E09E18EB5BD3005B949F;
			remoteInfo = UBI;
		};
/* End PBXContainerItemProxy section */

/* Begin PBXFileReference section */
		0FB6C87FF09544BD92A0AA7E /* libPods.a */ = {isa = PBXFileReference; explicitFileType = archive.ar; includeInIndex = 0; path = libPods.a; sourceTree = BUILT_PRODUCTS_DIR; };
		474AAE2139364DF1B718DEF8 /* Pods.xcconfig */ = {isa = PBXFileReference; includeInIndex = 1; lastKnownFileType = text.xcconfig; name = Pods.xcconfig; path = Pods/Pods.xcconfig; sourceTree = "<group>"; };
		E009467418F62DFC00786F96 /* MenuViewController.h */ = {isa = PBXFileReference; fileEncoding = 4; lastKnownFileType = sourcecode.c.h; path = MenuViewController.h; sourceTree = "<group>"; };
		E009467518F62DFC00786F96 /* MenuViewController.m */ = {isa = PBXFileReference; fileEncoding = 4; lastKnownFileType = sourcecode.c.objc; path = MenuViewController.m; sourceTree = "<group>"; };
		E0170A6C18EDE3C80031756D /* UBISingleton.h */ = {isa = PBXFileReference; fileEncoding = 4; lastKnownFileType = sourcecode.c.h; path = UBISingleton.h; sourceTree = "<group>"; };
		E0170A6D18EDE3C80031756D /* UBISingleton.m */ = {isa = PBXFileReference; fileEncoding = 4; lastKnownFileType = sourcecode.c.objc; path = UBISingleton.m; sourceTree = "<group>"; };
		E0170A7018EDE4720031756D /* User.h */ = {isa = PBXFileReference; fileEncoding = 4; lastKnownFileType = sourcecode.c.h; path = User.h; sourceTree = "<group>"; };
		E0170A7118EDE4720031756D /* User.m */ = {isa = PBXFileReference; fileEncoding = 4; lastKnownFileType = sourcecode.c.objc; path = User.m; sourceTree = "<group>"; };
		E0170A7318EDE4840031756D /* Mall.h */ = {isa = PBXFileReference; fileEncoding = 4; lastKnownFileType = sourcecode.c.h; path = Mall.h; sourceTree = "<group>"; };
		E0170A7418EDE4840031756D /* Mall.m */ = {isa = PBXFileReference; fileEncoding = 4; lastKnownFileType = sourcecode.c.objc; path = Mall.m; sourceTree = "<group>"; };
		E0170A7918EDE7A50031756D /* NSString+Trim.h */ = {isa = PBXFileReference; fileEncoding = 4; lastKnownFileType = sourcecode.c.h; path = "NSString+Trim.h"; sourceTree = "<group>"; };
		E0170A7A18EDE7A50031756D /* NSString+Trim.m */ = {isa = PBXFileReference; fileEncoding = 4; lastKnownFileType = sourcecode.c.objc; path = "NSString+Trim.m"; sourceTree = "<group>"; };
		E0170A7B18EDE7A50031756D /* UIFont+Alert.h */ = {isa = PBXFileReference; fileEncoding = 4; lastKnownFileType = sourcecode.c.h; path = "UIFont+Alert.h"; sourceTree = "<group>"; };
		E0170A7C18EDE7A50031756D /* UIFont+Alert.m */ = {isa = PBXFileReference; fileEncoding = 4; lastKnownFileType = sourcecode.c.objc; path = "UIFont+Alert.m"; sourceTree = "<group>"; };
		E0170A7D18EDE7A50031756D /* UIView+Alert.h */ = {isa = PBXFileReference; fileEncoding = 4; lastKnownFileType = sourcecode.c.h; path = "UIView+Alert.h"; sourceTree = "<group>"; };
		E0170A7E18EDE7A50031756D /* UIView+Alert.m */ = {isa = PBXFileReference; fileEncoding = 4; lastKnownFileType = sourcecode.c.objc; path = "UIView+Alert.m"; sourceTree = "<group>"; };
		E0170A8018EDE7A50031756D /* MBAlertView.h */ = {isa = PBXFileReference; fileEncoding = 4; lastKnownFileType = sourcecode.c.h; path = MBAlertView.h; sourceTree = "<group>"; };
		E0170A8118EDE7A50031756D /* MBAlertView.m */ = {isa = PBXFileReference; fileEncoding = 4; lastKnownFileType = sourcecode.c.objc; path = MBAlertView.m; sourceTree = "<group>"; };
		E0170A8218EDE7A50031756D /* MBAlertViewButton.h */ = {isa = PBXFileReference; fileEncoding = 4; lastKnownFileType = sourcecode.c.h; path = MBAlertViewButton.h; sourceTree = "<group>"; };
		E0170A8318EDE7A50031756D /* MBAlertViewButton.m */ = {isa = PBXFileReference; fileEncoding = 4; lastKnownFileType = sourcecode.c.objc; path = MBAlertViewButton.m; sourceTree = "<group>"; };
		E0170A8418EDE7A50031756D /* MBAlertViewItem.h */ = {isa = PBXFileReference; fileEncoding = 4; lastKnownFileType = sourcecode.c.h; path = MBAlertViewItem.h; sourceTree = "<group>"; };
		E0170A8518EDE7A50031756D /* MBAlertViewItem.m */ = {isa = PBXFileReference; fileEncoding = 4; lastKnownFileType = sourcecode.c.objc; path = MBAlertViewItem.m; sourceTree = "<group>"; };
		E0170A8818EDE7A50031756D /* AutoLayoutHelpers.h */ = {isa = PBXFileReference; fileEncoding = 4; lastKnownFileType = sourcecode.c.h; path = AutoLayoutHelpers.h; sourceTree = "<group>"; };
		E0170A8918EDE7A50031756D /* AutoLayoutHelpers.m */ = {isa = PBXFileReference; fileEncoding = 4; lastKnownFileType = sourcecode.c.objc; path = AutoLayoutHelpers.m; sourceTree = "<group>"; };
		E0170A8A18EDE7A50031756D /* UIView+Autolayout.h */ = {isa = PBXFileReference; fileEncoding = 4; lastKnownFileType = sourcecode.c.h; path = "UIView+Autolayout.h"; sourceTree = "<group>"; };
		E0170A8B18EDE7A50031756D /* UIView+Autolayout.m */ = {isa = PBXFileReference; fileEncoding = 4; lastKnownFileType = sourcecode.c.objc; path = "UIView+Autolayout.m"; sourceTree = "<group>"; };
		E0170A8C18EDE7A50031756D /* MBFlatAlertAbstract.h */ = {isa = PBXFileReference; fileEncoding = 4; lastKnownFileType = sourcecode.c.h; path = MBFlatAlertAbstract.h; sourceTree = "<group>"; };
		E0170A8D18EDE7A50031756D /* MBFlatAlertAbstract.m */ = {isa = PBXFileReference; fileEncoding = 4; lastKnownFileType = sourcecode.c.objc; path = MBFlatAlertAbstract.m; sourceTree = "<group>"; };
		E0170A8E18EDE7A50031756D /* MBFlatAlertButton.h */ = {isa = PBXFileReference; fileEncoding = 4; lastKnownFileType = sourcecode.c.h; path = MBFlatAlertButton.h; sourceTree = "<group>"; };
		E0170A8F18EDE7A50031756D /* MBFlatAlertButton.m */ = {isa = PBXFileReference; fileEncoding = 4; lastKnownFileType = sourcecode.c.objc; path = MBFlatAlertButton.m; sourceTree = "<group>"; };
		E0170A9018EDE7A50031756D /* MBFlatAlertView.h */ = {isa = PBXFileReference; fileEncoding = 4; lastKnownFileType = sourcecode.c.h; path = MBFlatAlertView.h; sourceTree = "<group>"; };
		E0170A9118EDE7A50031756D /* MBFlatAlertView.m */ = {isa = PBXFileReference; fileEncoding = 4; lastKnownFileType = sourcecode.c.objc; path = MBFlatAlertView.m; sourceTree = "<group>"; };
		E0170A9318EDE7A50031756D /* MBCheckMarkView.h */ = {isa = PBXFileReference; fileEncoding = 4; lastKnownFileType = sourcecode.c.h; path = MBCheckMarkView.h; sourceTree = "<group>"; };
		E0170A9418EDE7A50031756D /* MBCheckMarkView.m */ = {isa = PBXFileReference; fileEncoding = 4; lastKnownFileType = sourcecode.c.objc; path = MBCheckMarkView.m; sourceTree = "<group>"; };
		E0170A9518EDE7A50031756D /* MBHUDView.h */ = {isa = PBXFileReference; fileEncoding = 4; lastKnownFileType = sourcecode.c.h; path = MBHUDView.h; sourceTree = "<group>"; };
		E0170A9618EDE7A50031756D /* MBHUDView.m */ = {isa = PBXFileReference; fileEncoding = 4; lastKnownFileType = sourcecode.c.objc; path = MBHUDView.m; sourceTree = "<group>"; };
		E0170A9718EDE7A50031756D /* MBSpinningCircle.h */ = {isa = PBXFileReference; fileEncoding = 4; lastKnownFileType = sourcecode.c.h; path = MBSpinningCircle.h; sourceTree = "<group>"; };
		E0170A9818EDE7A50031756D /* MBSpinningCircle.m */ = {isa = PBXFileReference; fileEncoding = 4; lastKnownFileType = sourcecode.c.objc; path = MBSpinningCircle.m; sourceTree = "<group>"; };
		E0170A9918EDE7A50031756D /* MBAlertAbstract.h */ = {isa = PBXFileReference; fileEncoding = 4; lastKnownFileType = sourcecode.c.h; path = MBAlertAbstract.h; sourceTree = "<group>"; };
		E0170A9A18EDE7A50031756D /* MBAlertAbstract.m */ = {isa = PBXFileReference; fileEncoding = 4; lastKnownFileType = sourcecode.c.objc; path = MBAlertAbstract.m; sourceTree = "<group>"; };
		E0170A9C18EDE7A50031756D /* MBAlertViewSubclass.h */ = {isa = PBXFileReference; fileEncoding = 4; lastKnownFileType = sourcecode.c.h; path = MBAlertViewSubclass.h; sourceTree = "<group>"; };
		E0170AAD18EE41AB0031756D /* register_btn.png */ = {isa = PBXFileReference; lastKnownFileType = image.png; path = register_btn.png; sourceTree = "<group>"; };
		E0170AAE18EE41AB0031756D /* register_btn@2x.png */ = {isa = PBXFileReference; lastKnownFileType = image.png; path = "register_btn@2x.png"; sourceTree = "<group>"; };
		E0170AAF18EE41AB0031756D /* register_fields.png */ = {isa = PBXFileReference; lastKnownFileType = image.png; path = register_fields.png; sourceTree = "<group>"; };
		E0170AB018EE41AB0031756D /* register_fields@2x.png */ = {isa = PBXFileReference; lastKnownFileType = image.png; path = "register_fields@2x.png"; sourceTree = "<group>"; };
		E0170AB618EE5A1C0031756D /* submit_btn.png */ = {isa = PBXFileReference; lastKnownFileType = image.png; path = submit_btn.png; sourceTree = "<group>"; };
		E0170AB718EE5A1C0031756D /* submit_btn@2x.png */ = {isa = PBXFileReference; lastKnownFileType = image.png; path = "submit_btn@2x.png"; sourceTree = "<group>"; };
		E0170ABA18EE65990031756D /* MallViewController.h */ = {isa = PBXFileReference; fileEncoding = 4; lastKnownFileType = sourcecode.c.h; path = MallViewController.h; sourceTree = "<group>"; };
		E0170ABB18EE65990031756D /* MallViewController.m */ = {isa = PBXFileReference; fileEncoding = 4; lastKnownFileType = sourcecode.c.objc; path = MallViewController.m; sourceTree = "<group>"; };
		E0170ABD18EF51500031756D /* menu.png */ = {isa = PBXFileReference; lastKnownFileType = image.png; path = menu.png; sourceTree = "<group>"; };
		E0170ABE18EF51510031756D /* menu@2x.png */ = {isa = PBXFileReference; lastKnownFileType = image.png; path = "menu@2x.png"; sourceTree = "<group>"; };
		E0170AC118EF51E00031756D /* settings_icon.png */ = {isa = PBXFileReference; lastKnownFileType = image.png; path = settings_icon.png; sourceTree = "<group>"; };
		E0170AC218EF51E00031756D /* settings_icon@2x.png */ = {isa = PBXFileReference; lastKnownFileType = image.png; path = "settings_icon@2x.png"; sourceTree = "<group>"; };
		E0170AC618EF52090031756D /* mall_image_placeholder.png */ = {isa = PBXFileReference; lastKnownFileType = image.png; path = mall_image_placeholder.png; sourceTree = "<group>"; };
		E0170AC718EF52090031756D /* mall_image_placeholder@2x.png */ = {isa = PBXFileReference; lastKnownFileType = image.png; path = "mall_image_placeholder@2x.png"; sourceTree = "<group>"; };
		E053CBE618F4CD96006EB4CE /* AsyncImageView.h */ = {isa = PBXFileReference; fileEncoding = 4; lastKnownFileType = sourcecode.c.h; path = AsyncImageView.h; sourceTree = "<group>"; };
		E053CBE718F4CD96006EB4CE /* AsyncImageView.m */ = {isa = PBXFileReference; fileEncoding = 4; lastKnownFileType = sourcecode.c.objc; path = AsyncImageView.m; sourceTree = "<group>"; };
		E053CBE918F4D2D1006EB4CE /* MallListViewController.h */ = {isa = PBXFileReference; fileEncoding = 4; lastKnownFileType = sourcecode.c.h; path = MallListViewController.h; sourceTree = "<group>"; };
		E053CBEA18F4D2D1006EB4CE /* MallListViewController.m */ = {isa = PBXFileReference; fileEncoding = 4; lastKnownFileType = sourcecode.c.objc; path = MallListViewController.m; sourceTree = "<group>"; };
		E053CBEC18F4D587006EB4CE /* MallTableViewCell.h */ = {isa = PBXFileReference; fileEncoding = 4; lastKnownFileType = sourcecode.c.h; path = MallTableViewCell.h; sourceTree = "<group>"; };
		E053CBED18F4D587006EB4CE /* MallTableViewCell.m */ = {isa = PBXFileReference; fileEncoding = 4; lastKnownFileType = sourcecode.c.objc; path = MallTableViewCell.m; sourceTree = "<group>"; };
		E053CBEF18F59754006EB4CE /* divider.png */ = {isa = PBXFileReference; lastKnownFileType = image.png; path = divider.png; sourceTree = "<group>"; };
		E053CBF018F59754006EB4CE /* divider@2x.png */ = {isa = PBXFileReference; lastKnownFileType = image.png; path = "divider@2x.png"; sourceTree = "<group>"; };
		E053CBF318F5BD90006EB4CE /* back_btn_2.png */ = {isa = PBXFileReference; lastKnownFileType = image.png; path = back_btn_2.png; sourceTree = "<group>"; };
		E053CBF418F5BD90006EB4CE /* back_btn_2@2x.png */ = {isa = PBXFileReference; lastKnownFileType = image.png; path = "back_btn_2@2x.png"; sourceTree = "<group>"; };
		E053CBF518F5BD90006EB4CE /* menu2.png */ = {isa = PBXFileReference; lastKnownFileType = image.png; path = menu2.png; sourceTree = "<group>"; };
		E053CBF618F5BD90006EB4CE /* menu2@2x.png */ = {isa = PBXFileReference; lastKnownFileType = image.png; path = "menu2@2x.png"; sourceTree = "<group>"; };
		E053CBFE18F5CA29006EB4CE /* Default.png */ = {isa = PBXFileReference; lastKnownFileType = image.png; path = Default.png; sourceTree = "<group>"; };
		E053CBFF18F5CA29006EB4CE /* Default@2x.png */ = {isa = PBXFileReference; lastKnownFileType = image.png; path = "Default@2x.png"; sourceTree = "<group>"; };
		E053CC0418F5CAB9006EB4CE /* Default-568h.png */ = {isa = PBXFileReference; lastKnownFileType = image.png; path = "Default-568h.png"; sourceTree = "<group>"; };
		E055E09F18EB5BD3005B949F /* UBI.app */ = {isa = PBXFileReference; explicitFileType = wrapper.application; includeInIndex = 0; path = UBI.app; sourceTree = BUILT_PRODUCTS_DIR; };
		E055E0A218EB5BD3005B949F /* Foundation.framework */ = {isa = PBXFileReference; lastKnownFileType = wrapper.framework; name = Foundation.framework; path = System/Library/Frameworks/Foundation.framework; sourceTree = SDKROOT; };
		E055E0A418EB5BD3005B949F /* CoreGraphics.framework */ = {isa = PBXFileReference; lastKnownFileType = wrapper.framework; name = CoreGraphics.framework; path = System/Library/Frameworks/CoreGraphics.framework; sourceTree = SDKROOT; };
		E055E0A618EB5BD3005B949F /* UIKit.framework */ = {isa = PBXFileReference; lastKnownFileType = wrapper.framework; name = UIKit.framework; path = System/Library/Frameworks/UIKit.framework; sourceTree = SDKROOT; };
		E055E0AA18EB5BD3005B949F /* UBI-Info.plist */ = {isa = PBXFileReference; lastKnownFileType = text.plist.xml; path = "UBI-Info.plist"; sourceTree = "<group>"; };
		E055E0AC18EB5BD3005B949F /* en */ = {isa = PBXFileReference; lastKnownFileType = text.plist.strings; name = en; path = en.lproj/InfoPlist.strings; sourceTree = "<group>"; };
		E055E0AE18EB5BD3005B949F /* main.m */ = {isa = PBXFileReference; lastKnownFileType = sourcecode.c.objc; path = main.m; sourceTree = "<group>"; };
		E055E0B018EB5BD3005B949F /* UBI-Prefix.pch */ = {isa = PBXFileReference; lastKnownFileType = sourcecode.c.h; path = "UBI-Prefix.pch"; sourceTree = "<group>"; };
		E055E0B118EB5BD3005B949F /* UBIAppDelegate.h */ = {isa = PBXFileReference; lastKnownFileType = sourcecode.c.h; path = UBIAppDelegate.h; sourceTree = "<group>"; };
		E055E0B218EB5BD3005B949F /* UBIAppDelegate.m */ = {isa = PBXFileReference; lastKnownFileType = sourcecode.c.objc; path = UBIAppDelegate.m; sourceTree = "<group>"; };
		E055E0B518EB5BD4005B949F /* Base */ = {isa = PBXFileReference; lastKnownFileType = file.storyboard; name = Base; path = Base.lproj/Main.storyboard; sourceTree = "<group>"; };
		E055E0B718EB5BD4005B949F /* UBIViewController.h */ = {isa = PBXFileReference; lastKnownFileType = sourcecode.c.h; path = UBIViewController.h; sourceTree = "<group>"; };
		E055E0B818EB5BD4005B949F /* UBIViewController.m */ = {isa = PBXFileReference; lastKnownFileType = sourcecode.c.objc; path = UBIViewController.m; sourceTree = "<group>"; };
		E055E0BA18EB5BD4005B949F /* Images.xcassets */ = {isa = PBXFileReference; lastKnownFileType = folder.assetcatalog; path = Images.xcassets; sourceTree = "<group>"; };
		E055E0C018EB5BD4005B949F /* UBITests.xctest */ = {isa = PBXFileReference; explicitFileType = wrapper.cfbundle; includeInIndex = 0; path = UBITests.xctest; sourceTree = BUILT_PRODUCTS_DIR; };
		E055E0C118EB5BD4005B949F /* XCTest.framework */ = {isa = PBXFileReference; lastKnownFileType = wrapper.framework; name = XCTest.framework; path = Library/Frameworks/XCTest.framework; sourceTree = DEVELOPER_DIR; };
		E055E0C918EB5BD4005B949F /* UBITests-Info.plist */ = {isa = PBXFileReference; lastKnownFileType = text.plist.xml; path = "UBITests-Info.plist"; sourceTree = "<group>"; };
		E055E0CB18EB5BD4005B949F /* en */ = {isa = PBXFileReference; lastKnownFileType = text.plist.strings; name = en; path = en.lproj/InfoPlist.strings; sourceTree = "<group>"; };
		E055E0CD18EB5BD4005B949F /* UBITests.m */ = {isa = PBXFileReference; lastKnownFileType = sourcecode.c.objc; path = UBITests.m; sourceTree = "<group>"; };
		E055E0D918EB64A0005B949F /* login_btn.png */ = {isa = PBXFileReference; lastKnownFileType = image.png; path = login_btn.png; sourceTree = "<group>"; };
		E055E0DA18EB64A0005B949F /* login_btn@2x.png */ = {isa = PBXFileReference; lastKnownFileType = image.png; path = "login_btn@2x.png"; sourceTree = "<group>"; };
		E055E0DB18EB64A0005B949F /* login_fields.png */ = {isa = PBXFileReference; lastKnownFileType = image.png; path = login_fields.png; sourceTree = "<group>"; };
		E055E0DC18EB64A0005B949F /* login_fields@2x.png */ = {isa = PBXFileReference; lastKnownFileType = image.png; path = "login_fields@2x.png"; sourceTree = "<group>"; };
		E055E0E118EB67A1005B949F /* login_register_btn.png */ = {isa = PBXFileReference; lastKnownFileType = image.png; path = login_register_btn.png; sourceTree = "<group>"; };
		E055E0E218EB67A1005B949F /* login_register_btn@2x.png */ = {isa = PBXFileReference; lastKnownFileType = image.png; path = "login_register_btn@2x.png"; sourceTree = "<group>"; };
		E055E0E918EB6CEB005B949F /* login_forgot_btn.png */ = {isa = PBXFileReference; lastKnownFileType = image.png; path = login_forgot_btn.png; sourceTree = "<group>"; };
		E055E0EA18EB6CEB005B949F /* login_forgot_btn@2x.png */ = {isa = PBXFileReference; lastKnownFileType = image.png; path = "login_forgot_btn@2x.png"; sourceTree = "<group>"; };
		E055E0F118EB9F16005B949F /* RegisterViewController.h */ = {isa = PBXFileReference; fileEncoding = 4; lastKnownFileType = sourcecode.c.h; path = RegisterViewController.h; sourceTree = "<group>"; };
		E055E0F218EB9F17005B949F /* RegisterViewController.m */ = {isa = PBXFileReference; fileEncoding = 4; lastKnownFileType = sourcecode.c.objc; path = RegisterViewController.m; sourceTree = "<group>"; };
		E055E0F418EB9F34005B949F /* ForgotPasswordViewController.h */ = {isa = PBXFileReference; fileEncoding = 4; lastKnownFileType = sourcecode.c.h; path = ForgotPasswordViewController.h; sourceTree = "<group>"; };
		E055E0F518EB9F34005B949F /* ForgotPasswordViewController.m */ = {isa = PBXFileReference; fileEncoding = 4; lastKnownFileType = sourcecode.c.objc; path = ForgotPasswordViewController.m; sourceTree = "<group>"; };
		E066080B18EF7E5400EAFB37 /* back_btn.png */ = {isa = PBXFileReference; lastKnownFileType = image.png; path = back_btn.png; sourceTree = "<group>"; };
		E066080C18EF7E5400EAFB37 /* back_btn@2x.png */ = {isa = PBXFileReference; lastKnownFileType = image.png; path = "back_btn@2x.png"; sourceTree = "<group>"; };
		E0F7D78018F661F400AF3D79 /* Appicon29x29.png */ = {isa = PBXFileReference; lastKnownFileType = image.png; path = Appicon29x29.png; sourceTree = "<group>"; };
		E0F7D78118F661F400AF3D79 /* AppIcon29x29@2x.png */ = {isa = PBXFileReference; lastKnownFileType = image.png; path = "AppIcon29x29@2x.png"; sourceTree = "<group>"; };
		E0F7D78218F661F400AF3D79 /* AppIcon40x40.png */ = {isa = PBXFileReference; lastKnownFileType = image.png; path = AppIcon40x40.png; sourceTree = "<group>"; };
		E0F7D78318F661F400AF3D79 /* AppIcon40x40@2x.png */ = {isa = PBXFileReference; lastKnownFileType = image.png; path = "AppIcon40x40@2x.png"; sourceTree = "<group>"; };
		E0F7D78418F661F400AF3D79 /* AppIcon50x50.png */ = {isa = PBXFileReference; lastKnownFileType = image.png; path = AppIcon50x50.png; sourceTree = "<group>"; };
		E0F7D78518F661F400AF3D79 /* AppIcon50x50@2x.png */ = {isa = PBXFileReference; lastKnownFileType = image.png; path = "AppIcon50x50@2x.png"; sourceTree = "<group>"; };
		E0F7D78618F661F400AF3D79 /* AppIcon57x57.png */ = {isa = PBXFileReference; lastKnownFileType = image.png; path = AppIcon57x57.png; sourceTree = "<group>"; };
		E0F7D78718F661F400AF3D79 /* AppIcon57x57@2x.png */ = {isa = PBXFileReference; lastKnownFileType = image.png; path = "AppIcon57x57@2x.png"; sourceTree = "<group>"; };
		E0F7D78818F661F400AF3D79 /* AppIcon60x60.png */ = {isa = PBXFileReference; lastKnownFileType = image.png; path = AppIcon60x60.png; sourceTree = "<group>"; };
		E0F7D78918F661F400AF3D79 /* AppIcon60x60@2x.png */ = {isa = PBXFileReference; lastKnownFileType = image.png; path = "AppIcon60x60@2x.png"; sourceTree = "<group>"; };
		E0F7D78A18F661F400AF3D79 /* AppIcon72x72.png */ = {isa = PBXFileReference; lastKnownFileType = image.png; path = AppIcon72x72.png; sourceTree = "<group>"; };
		E0F7D78B18F661F400AF3D79 /* AppIcon72x72@2x.png */ = {isa = PBXFileReference; lastKnownFileType = image.png; path = "AppIcon72x72@2x.png"; sourceTree = "<group>"; };
		E0F7D78C18F661F500AF3D79 /* AppIcon76x76.png */ = {isa = PBXFileReference; lastKnownFileType = image.png; path = AppIcon76x76.png; sourceTree = "<group>"; };
		E0F7D78D18F661F500AF3D79 /* AppIcon76x76@2x.png */ = {isa = PBXFileReference; lastKnownFileType = image.png; path = "AppIcon76x76@2x.png"; sourceTree = "<group>"; };
		E0F7D78E18F661F500AF3D79 /* iTunesArtwork.png */ = {isa = PBXFileReference; lastKnownFileType = image.png; path = iTunesArtwork.png; sourceTree = "<group>"; };
		E0F7D78F18F661F500AF3D79 /* iTunesArtwork@2x.png */ = {isa = PBXFileReference; lastKnownFileType = image.png; path = "iTunesArtwork@2x.png"; sourceTree = "<group>"; };
		E0F7D7A118F6FF9D00AF3D79 /* account.png */ = {isa = PBXFileReference; lastKnownFileType = image.png; path = account.png; sourceTree = "<group>"; };
		E0F7D7A218F6FF9D00AF3D79 /* account@2X.png */ = {isa = PBXFileReference; lastKnownFileType = image.png; path = "account@2X.png"; sourceTree = "<group>"; };
		E0F7D7A318F6FF9D00AF3D79 /* changepass.png */ = {isa = PBXFileReference; lastKnownFileType = image.png; path = changepass.png; sourceTree = "<group>"; };
		E0F7D7A418F6FF9D00AF3D79 /* changepass@2x.png */ = {isa = PBXFileReference; lastKnownFileType = image.png; path = "changepass@2x.png"; sourceTree = "<group>"; };
		E0F7D7A518F6FF9D00AF3D79 /* signout_btn.png */ = {isa = PBXFileReference; lastKnownFileType = image.png; path = signout_btn.png; sourceTree = "<group>"; };
		E0F7D7A618F6FF9D00AF3D79 /* signout_btn@2x.png */ = {isa = PBXFileReference; lastKnownFileType = image.png; path = "signout_btn@2x.png"; sourceTree = "<group>"; };
		E0F7D7AF18F7116400AF3D79 /* ChangePasswordViewController.h */ = {isa = PBXFileReference; fileEncoding = 4; lastKnownFileType = sourcecode.c.h; path = ChangePasswordViewController.h; sourceTree = "<group>"; };
		E0F7D7B018F7116400AF3D79 /* ChangePasswordViewController.m */ = {isa = PBXFileReference; fileEncoding = 4; lastKnownFileType = sourcecode.c.objc; path = ChangePasswordViewController.m; sourceTree = "<group>"; };
		E0F7D7B218F7117C00AF3D79 /* AccountViewController.h */ = {isa = PBXFileReference; fileEncoding = 4; lastKnownFileType = sourcecode.c.h; path = AccountViewController.h; sourceTree = "<group>"; };
		E0F7D7B318F7117C00AF3D79 /* AccountViewController.m */ = {isa = PBXFileReference; fileEncoding = 4; lastKnownFileType = sourcecode.c.objc; path = AccountViewController.m; sourceTree = "<group>"; };
		E0F7D7B618F7494700AF3D79 /* textfield_left_call.png */ = {isa = PBXFileReference; lastKnownFileType = image.png; path = textfield_left_call.png; sourceTree = "<group>"; };
		E0F7D7B718F7494700AF3D79 /* textfield_left_call@2x.png */ = {isa = PBXFileReference; lastKnownFileType = image.png; path = "textfield_left_call@2x.png"; sourceTree = "<group>"; };
		E0F7D7B818F7494700AF3D79 /* textfield_left_email.png */ = {isa = PBXFileReference; lastKnownFileType = image.png; path = textfield_left_email.png; sourceTree = "<group>"; };
		E0F7D7B918F7494700AF3D79 /* textfield_left_email@2x.png */ = {isa = PBXFileReference; lastKnownFileType = image.png; path = "textfield_left_email@2x.png"; sourceTree = "<group>"; };
		E0F7D7BA18F7494700AF3D79 /* textfield_left_key.png */ = {isa = PBXFileReference; lastKnownFileType = image.png; path = textfield_left_key.png; sourceTree = "<group>"; };
		E0F7D7BB18F7494700AF3D79 /* textfield_left_key@2x.png */ = {isa = PBXFileReference; lastKnownFileType = image.png; path = "textfield_left_key@2x.png"; sourceTree = "<group>"; };
		E0F7D7BC18F7494700AF3D79 /* textfield_left_person.png */ = {isa = PBXFileReference; lastKnownFileType = image.png; path = textfield_left_person.png; sourceTree = "<group>"; };
		E0F7D7BD18F7494700AF3D79 /* textfield_left_person@2x.png */ = {isa = PBXFileReference; lastKnownFileType = image.png; path = "textfield_left_person@2x.png"; sourceTree = "<group>"; };
		E0F7D7C618F74CE100AF3D79 /* textfield_left_03 copy.png */ = {isa = PBXFileReference; lastKnownFileType = image.png; path = "textfield_left_03 copy.png"; sourceTree = "<group>"; };
		E0F7D7C718F74CE100AF3D79 /* textfield_left_03.png */ = {isa = PBXFileReference; lastKnownFileType = image.png; path = textfield_left_03.png; sourceTree = "<group>"; };
		E0F7D7CA18F74DD500AF3D79 /* textfield-left-call.png */ = {isa = PBXFileReference; lastKnownFileType = image.png; path = "textfield-left-call.png"; sourceTree = "<group>"; };
		E0F7D7CB18F74DD500AF3D79 /* textfield-left-call@2x.png */ = {isa = PBXFileReference; lastKnownFileType = image.png; path = "textfield-left-call@2x.png"; sourceTree = "<group>"; };
		E0F7D7CC18F74DD500AF3D79 /* textfield-left-email.png */ = {isa = PBXFileReference; lastKnownFileType = image.png; path = "textfield-left-email.png"; sourceTree = "<group>"; };
		E0F7D7CD18F74DD500AF3D79 /* textfield-left-email@2x.png */ = {isa = PBXFileReference; lastKnownFileType = image.png; path = "textfield-left-email@2x.png"; sourceTree = "<group>"; };
		E0F7D7CE18F74DD500AF3D79 /* textfield-left-key.png */ = {isa = PBXFileReference; lastKnownFileType = image.png; path = "textfield-left-key.png"; sourceTree = "<group>"; };
		E0F7D7CF18F74DD500AF3D79 /* textfield-left-key@2x.png */ = {isa = PBXFileReference; lastKnownFileType = image.png; path = "textfield-left-key@2x.png"; sourceTree = "<group>"; };
		E0F7D7D018F74DD500AF3D79 /* textfield-left-user.png */ = {isa = PBXFileReference; lastKnownFileType = image.png; path = "textfield-left-user.png"; sourceTree = "<group>"; };
		E0F7D7D118F74DD500AF3D79 /* textfield-left-user@2x.png */ = {isa = PBXFileReference; lastKnownFileType = image.png; path = "textfield-left-user@2x.png"; sourceTree = "<group>"; };
		E0F7D7DA18F7551700AF3D79 /* register_btn_2.png */ = {isa = PBXFileReference; lastKnownFileType = image.png; path = register_btn_2.png; sourceTree = "<group>"; };
		E0F7D7DB18F7551700AF3D79 /* register_btn_2@2x.png */ = {isa = PBXFileReference; lastKnownFileType = image.png; path = "register_btn_2@2x.png"; sourceTree = "<group>"; };
		E0F7D7DC18F7551700AF3D79 /* signin_btn_2.png */ = {isa = PBXFileReference; lastKnownFileType = image.png; path = signin_btn_2.png; sourceTree = "<group>"; };
		E0F7D7DD18F7551700AF3D79 /* signin_btn_2@2x.png */ = {isa = PBXFileReference; lastKnownFileType = image.png; path = "signin_btn_2@2x.png"; sourceTree = "<group>"; };
		E0F7D7DE18F7551700AF3D79 /* submit_btn_2.png */ = {isa = PBXFileReference; lastKnownFileType = image.png; path = submit_btn_2.png; sourceTree = "<group>"; };
		E0F7D7DF18F7551700AF3D79 /* submit_btn_2@2x.png */ = {isa = PBXFileReference; lastKnownFileType = image.png; path = "submit_btn_2@2x.png"; sourceTree = "<group>"; };
		E0F7D7E618F7552C00AF3D79 /* loginfields_btn_2.png */ = {isa = PBXFileReference; lastKnownFileType = image.png; path = loginfields_btn_2.png; sourceTree = "<group>"; };
		E0F7D7E718F7552C00AF3D79 /* loginfields_btn_2@2x.png */ = {isa = PBXFileReference; lastKnownFileType = image.png; path = "loginfields_btn_2@2x.png"; sourceTree = "<group>"; };
		E0F7D7EB18F7576000AF3D79 /* Roboto-Black.ttf */ = {isa = PBXFileReference; lastKnownFileType = file; path = "Roboto-Black.ttf"; sourceTree = "<group>"; };
		E0F7D7EC18F7576000AF3D79 /* Roboto-BlackItalic.ttf */ = {isa = PBXFileReference; lastKnownFileType = file; path = "Roboto-BlackItalic.ttf"; sourceTree = "<group>"; };
		E0F7D7ED18F7576000AF3D79 /* Roboto-Bold.ttf */ = {isa = PBXFileReference; lastKnownFileType = file; path = "Roboto-Bold.ttf"; sourceTree = "<group>"; };
		E0F7D7EE18F7576000AF3D79 /* Roboto-BoldItalic.ttf */ = {isa = PBXFileReference; lastKnownFileType = file; path = "Roboto-BoldItalic.ttf"; sourceTree = "<group>"; };
		E0F7D7EF18F7576000AF3D79 /* Roboto-Italic.ttf */ = {isa = PBXFileReference; lastKnownFileType = file; path = "Roboto-Italic.ttf"; sourceTree = "<group>"; };
		E0F7D7F018F7576000AF3D79 /* Roboto-Light.ttf */ = {isa = PBXFileReference; lastKnownFileType = file; path = "Roboto-Light.ttf"; sourceTree = "<group>"; };
		E0F7D7F118F7576000AF3D79 /* Roboto-LightItalic.ttf */ = {isa = PBXFileReference; lastKnownFileType = file; path = "Roboto-LightItalic.ttf"; sourceTree = "<group>"; };
		E0F7D7F218F7576000AF3D79 /* Roboto-Medium.ttf */ = {isa = PBXFileReference; lastKnownFileType = file; path = "Roboto-Medium.ttf"; sourceTree = "<group>"; };
		E0F7D7F318F7576000AF3D79 /* Roboto-MediumItalic.ttf */ = {isa = PBXFileReference; lastKnownFileType = file; path = "Roboto-MediumItalic.ttf"; sourceTree = "<group>"; };
		E0F7D7F418F7576000AF3D79 /* Roboto-Regular.ttf */ = {isa = PBXFileReference; lastKnownFileType = file; path = "Roboto-Regular.ttf"; sourceTree = "<group>"; };
		E0F7D7F518F7576000AF3D79 /* Roboto-Thin.ttf */ = {isa = PBXFileReference; lastKnownFileType = file; path = "Roboto-Thin.ttf"; sourceTree = "<group>"; };
		E0F7D7F618F7576000AF3D79 /* Roboto-ThinItalic.ttf */ = {isa = PBXFileReference; lastKnownFileType = file; path = "Roboto-ThinItalic.ttf"; sourceTree = "<group>"; };
		E0F7D7F718F7576000AF3D79 /* RobotoCondensed-Bold.ttf */ = {isa = PBXFileReference; lastKnownFileType = file; path = "RobotoCondensed-Bold.ttf"; sourceTree = "<group>"; };
		E0F7D7F818F7576000AF3D79 /* RobotoCondensed-BoldItalic.ttf */ = {isa = PBXFileReference; lastKnownFileType = file; path = "RobotoCondensed-BoldItalic.ttf"; sourceTree = "<group>"; };
		E0F7D7F918F7576000AF3D79 /* RobotoCondensed-Italic.ttf */ = {isa = PBXFileReference; lastKnownFileType = file; path = "RobotoCondensed-Italic.ttf"; sourceTree = "<group>"; };
		E0F7D7FA18F7576000AF3D79 /* RobotoCondensed-Light.ttf */ = {isa = PBXFileReference; lastKnownFileType = file; path = "RobotoCondensed-Light.ttf"; sourceTree = "<group>"; };
		E0F7D7FB18F7576000AF3D79 /* RobotoCondensed-LightItalic.ttf */ = {isa = PBXFileReference; lastKnownFileType = file; path = "RobotoCondensed-LightItalic.ttf"; sourceTree = "<group>"; };
		E0F7D7FC18F7576000AF3D79 /* RobotoCondensed-Regular.ttf */ = {isa = PBXFileReference; lastKnownFileType = file; path = "RobotoCondensed-Regular.ttf"; sourceTree = "<group>"; };
/* End PBXFileReference section */

/* Begin PBXFrameworksBuildPhase section */
		E055E09C18EB5BD3005B949F /* Frameworks */ = {
			isa = PBXFrameworksBuildPhase;
			buildActionMask = 2147483647;
			files = (
				E055E0A518EB5BD3005B949F /* CoreGraphics.framework in Frameworks */,
				E055E0A718EB5BD3005B949F /* UIKit.framework in Frameworks */,
				E055E0A318EB5BD3005B949F /* Foundation.framework in Frameworks */,
				5217CB99ABD441EEA371786E /* libPods.a in Frameworks */,
			);
			runOnlyForDeploymentPostprocessing = 0;
		};
		E055E0BD18EB5BD4005B949F /* Frameworks */ = {
			isa = PBXFrameworksBuildPhase;
			buildActionMask = 2147483647;
			files = (
				E055E0C218EB5BD4005B949F /* XCTest.framework in Frameworks */,
				E055E0C418EB5BD4005B949F /* UIKit.framework in Frameworks */,
				E055E0C318EB5BD4005B949F /* Foundation.framework in Frameworks */,
			);
			runOnlyForDeploymentPostprocessing = 0;
		};
/* End PBXFrameworksBuildPhase section */

/* Begin PBXGroup section */
		E009467318F62DCF00786F96 /* Menu */ = {
			isa = PBXGroup;
			children = (
				E0F7D7AD18F7113A00AF3D79 /* Account */,
				E0F7D7AE18F7113A00AF3D79 /* ChangePassword */,
				E009467418F62DFC00786F96 /* MenuViewController.h */,
				E009467518F62DFC00786F96 /* MenuViewController.m */,
			);
			path = Menu;
			sourceTree = "<group>";
		};
		E0170A6B18EDE3950031756D /* Model */ = {
			isa = PBXGroup;
			children = (
				E0170A6F18EDE4620031756D /* Objects */,
				E0170A6C18EDE3C80031756D /* UBISingleton.h */,
				E0170A6D18EDE3C80031756D /* UBISingleton.m */,
			);
			path = Model;
			sourceTree = "<group>";
		};
		E0170A6F18EDE4620031756D /* Objects */ = {
			isa = PBXGroup;
			children = (
				E0170A7018EDE4720031756D /* User.h */,
				E0170A7118EDE4720031756D /* User.m */,
				E0170A7318EDE4840031756D /* Mall.h */,
				E0170A7418EDE4840031756D /* Mall.m */,
			);
			path = Objects;
			sourceTree = "<group>";
		};
		E0170A7618EDE7A50031756D /* ThirdPartyAPI */ = {
			isa = PBXGroup;
			children = (
				E0F7D7EA18F7576000AF3D79 /* Fonts */,
				E053CBE618F4CD96006EB4CE /* AsyncImageView.h */,
				E053CBE718F4CD96006EB4CE /* AsyncImageView.m */,
				E0170A7718EDE7A50031756D /* MBAlertView */,
			);
			path = ThirdPartyAPI;
			sourceTree = "<group>";
		};
		E0170A7718EDE7A50031756D /* MBAlertView */ = {
			isa = PBXGroup;
			children = (
				E0170A7818EDE7A50031756D /* Categories */,
				E0170A7F18EDE7A50031756D /* Classic */,
				E0170A8618EDE7A50031756D /* Flat */,
				E0170A9218EDE7A50031756D /* HUD */,
				E0170A9918EDE7A50031756D /* MBAlertAbstract.h */,
				E0170A9A18EDE7A50031756D /* MBAlertAbstract.m */,
				E0170A9B18EDE7A50031756D /* Protected */,
			);
			path = MBAlertView;
			sourceTree = "<group>";
		};
		E0170A7818EDE7A50031756D /* Categories */ = {
			isa = PBXGroup;
			children = (
				E0170A7918EDE7A50031756D /* NSString+Trim.h */,
				E0170A7A18EDE7A50031756D /* NSString+Trim.m */,
				E0170A7B18EDE7A50031756D /* UIFont+Alert.h */,
				E0170A7C18EDE7A50031756D /* UIFont+Alert.m */,
				E0170A7D18EDE7A50031756D /* UIView+Alert.h */,
				E0170A7E18EDE7A50031756D /* UIView+Alert.m */,
			);
			path = Categories;
			sourceTree = "<group>";
		};
		E0170A7F18EDE7A50031756D /* Classic */ = {
			isa = PBXGroup;
			children = (
				E0170A8018EDE7A50031756D /* MBAlertView.h */,
				E0170A8118EDE7A50031756D /* MBAlertView.m */,
				E0170A8218EDE7A50031756D /* MBAlertViewButton.h */,
				E0170A8318EDE7A50031756D /* MBAlertViewButton.m */,
				E0170A8418EDE7A50031756D /* MBAlertViewItem.h */,
				E0170A8518EDE7A50031756D /* MBAlertViewItem.m */,
			);
			path = Classic;
			sourceTree = "<group>";
		};
		E0170A8618EDE7A50031756D /* Flat */ = {
			isa = PBXGroup;
			children = (
				E0170A8718EDE7A50031756D /* AutolayoutHelpers */,
				E0170A8C18EDE7A50031756D /* MBFlatAlertAbstract.h */,
				E0170A8D18EDE7A50031756D /* MBFlatAlertAbstract.m */,
				E0170A8E18EDE7A50031756D /* MBFlatAlertButton.h */,
				E0170A8F18EDE7A50031756D /* MBFlatAlertButton.m */,
				E0170A9018EDE7A50031756D /* MBFlatAlertView.h */,
				E0170A9118EDE7A50031756D /* MBFlatAlertView.m */,
			);
			path = Flat;
			sourceTree = "<group>";
		};
		E0170A8718EDE7A50031756D /* AutolayoutHelpers */ = {
			isa = PBXGroup;
			children = (
				E0170A8818EDE7A50031756D /* AutoLayoutHelpers.h */,
				E0170A8918EDE7A50031756D /* AutoLayoutHelpers.m */,
				E0170A8A18EDE7A50031756D /* UIView+Autolayout.h */,
				E0170A8B18EDE7A50031756D /* UIView+Autolayout.m */,
			);
			path = AutolayoutHelpers;
			sourceTree = "<group>";
		};
		E0170A9218EDE7A50031756D /* HUD */ = {
			isa = PBXGroup;
			children = (
				E0170A9318EDE7A50031756D /* MBCheckMarkView.h */,
				E0170A9418EDE7A50031756D /* MBCheckMarkView.m */,
				E0170A9518EDE7A50031756D /* MBHUDView.h */,
				E0170A9618EDE7A50031756D /* MBHUDView.m */,
				E0170A9718EDE7A50031756D /* MBSpinningCircle.h */,
				E0170A9818EDE7A50031756D /* MBSpinningCircle.m */,
			);
			path = HUD;
			sourceTree = "<group>";
		};
		E0170A9B18EDE7A50031756D /* Protected */ = {
			isa = PBXGroup;
			children = (
				E0170A9C18EDE7A50031756D /* MBAlertViewSubclass.h */,
			);
			path = Protected;
			sourceTree = "<group>";
		};
		E0170AAC18EE41AB0031756D /* register */ = {
			isa = PBXGroup;
			children = (
				E0170AAD18EE41AB0031756D /* register_btn.png */,
				E0170AAE18EE41AB0031756D /* register_btn@2x.png */,
				E0170AAF18EE41AB0031756D /* register_fields.png */,
				E0170AB018EE41AB0031756D /* register_fields@2x.png */,
			);
			path = register;
			sourceTree = "<group>";
		};
		E0170AB518EE5A1C0031756D /* general */ = {
			isa = PBXGroup;
			children = (
				E0F7D7DA18F7551700AF3D79 /* register_btn_2.png */,
				E0F7D7DB18F7551700AF3D79 /* register_btn_2@2x.png */,
				E0F7D7DC18F7551700AF3D79 /* signin_btn_2.png */,
				E0F7D7DD18F7551700AF3D79 /* signin_btn_2@2x.png */,
				E0F7D7DE18F7551700AF3D79 /* submit_btn_2.png */,
				E0F7D7DF18F7551700AF3D79 /* submit_btn_2@2x.png */,
				E053CBF318F5BD90006EB4CE /* back_btn_2.png */,
				E053CBF418F5BD90006EB4CE /* back_btn_2@2x.png */,
				E053CBF518F5BD90006EB4CE /* menu2.png */,
				E053CBF618F5BD90006EB4CE /* menu2@2x.png */,
				E066080B18EF7E5400EAFB37 /* back_btn.png */,
				E066080C18EF7E5400EAFB37 /* back_btn@2x.png */,
				E0170AC118EF51E00031756D /* settings_icon.png */,
				E0170AC218EF51E00031756D /* settings_icon@2x.png */,
				E0170ABD18EF51500031756D /* menu.png */,
				E0170ABE18EF51510031756D /* menu@2x.png */,
				E0170AB618EE5A1C0031756D /* submit_btn.png */,
				E0170AB718EE5A1C0031756D /* submit_btn@2x.png */,
			);
			path = general;
			sourceTree = "<group>";
		};
		E0170AC518EF52090031756D /* mall */ = {
			isa = PBXGroup;
			children = (
				E053CBEF18F59754006EB4CE /* divider.png */,
				E053CBF018F59754006EB4CE /* divider@2x.png */,
				E0170AC618EF52090031756D /* mall_image_placeholder.png */,
				E0170AC718EF52090031756D /* mall_image_placeholder@2x.png */,
			);
			path = mall;
			sourceTree = "<group>";
		};
		E053CBFB18F5CA29006EB4CE /* Launch */ = {
			isa = PBXGroup;
			children = (
				E053CC0418F5CAB9006EB4CE /* Default-568h.png */,
				E053CBFE18F5CA29006EB4CE /* Default.png */,
				E053CBFF18F5CA29006EB4CE /* Default@2x.png */,
			);
			path = Launch;
			sourceTree = "<group>";
		};
		E055E09618EB5BD3005B949F = {
			isa = PBXGroup;
			children = (
				E055E0A818EB5BD3005B949F /* UBI */,
				E055E0C718EB5BD4005B949F /* UBITests */,
				E055E0A118EB5BD3005B949F /* Frameworks */,
				E055E0A018EB5BD3005B949F /* Products */,
				474AAE2139364DF1B718DEF8 /* Pods.xcconfig */,
			);
			sourceTree = "<group>";
		};
		E055E0A018EB5BD3005B949F /* Products */ = {
			isa = PBXGroup;
			children = (
				E055E09F18EB5BD3005B949F /* UBI.app */,
				E055E0C018EB5BD4005B949F /* UBITests.xctest */,
			);
			name = Products;
			sourceTree = "<group>";
		};
		E055E0A118EB5BD3005B949F /* Frameworks */ = {
			isa = PBXGroup;
			children = (
				E055E0A218EB5BD3005B949F /* Foundation.framework */,
				E055E0A418EB5BD3005B949F /* CoreGraphics.framework */,
				E055E0A618EB5BD3005B949F /* UIKit.framework */,
				E055E0C118EB5BD4005B949F /* XCTest.framework */,
				0FB6C87FF09544BD92A0AA7E /* libPods.a */,
			);
			name = Frameworks;
			sourceTree = "<group>";
		};
		E055E0A818EB5BD3005B949F /* UBI */ = {
			isa = PBXGroup;
			children = (
				E0170A7618EDE7A50031756D /* ThirdPartyAPI */,
				E0170A6B18EDE3950031756D /* Model */,
				E055E0ED18EB9EEC005B949F /* Controllers */,
				E055E0D718EB64A0005B949F /* images */,
				E055E0B118EB5BD3005B949F /* UBIAppDelegate.h */,
				E055E0B218EB5BD3005B949F /* UBIAppDelegate.m */,
				E055E0B418EB5BD4005B949F /* Main.storyboard */,
				E055E0B718EB5BD4005B949F /* UBIViewController.h */,
				E055E0B818EB5BD4005B949F /* UBIViewController.m */,
				E055E0BA18EB5BD4005B949F /* Images.xcassets */,
				E055E0A918EB5BD3005B949F /* Supporting Files */,
			);
			path = UBI;
			sourceTree = "<group>";
		};
		E055E0A918EB5BD3005B949F /* Supporting Files */ = {
			isa = PBXGroup;
			children = (
				E055E0AA18EB5BD3005B949F /* UBI-Info.plist */,
				E055E0AB18EB5BD3005B949F /* InfoPlist.strings */,
				E055E0AE18EB5BD3005B949F /* main.m */,
				E055E0B018EB5BD3005B949F /* UBI-Prefix.pch */,
			);
			name = "Supporting Files";
			sourceTree = "<group>";
		};
		E055E0C718EB5BD4005B949F /* UBITests */ = {
			isa = PBXGroup;
			children = (
				E055E0CD18EB5BD4005B949F /* UBITests.m */,
				E055E0C818EB5BD4005B949F /* Supporting Files */,
			);
			path = UBITests;
			sourceTree = "<group>";
		};
		E055E0C818EB5BD4005B949F /* Supporting Files */ = {
			isa = PBXGroup;
			children = (
				E055E0C918EB5BD4005B949F /* UBITests-Info.plist */,
				E055E0CA18EB5BD4005B949F /* InfoPlist.strings */,
			);
			name = "Supporting Files";
			sourceTree = "<group>";
		};
		E055E0D718EB64A0005B949F /* images */ = {
			isa = PBXGroup;
			children = (
				E0F7D7B518F7494700AF3D79 /* textfield-left */,
				E0F7D7A018F6FF9D00AF3D79 /* menu */,
				E0F7D77F18F661F400AF3D79 /* Icons */,
				E053CBFB18F5CA29006EB4CE /* Launch */,
				E0170AC518EF52090031756D /* mall */,
				E0170AB518EE5A1C0031756D /* general */,
				E0170AAC18EE41AB0031756D /* register */,
				E055E0D818EB64A0005B949F /* login */,
			);
			path = images;
			sourceTree = "<group>";
		};
		E055E0D818EB64A0005B949F /* login */ = {
			isa = PBXGroup;
			children = (
				E0F7D7E618F7552C00AF3D79 /* loginfields_btn_2.png */,
				E0F7D7E718F7552C00AF3D79 /* loginfields_btn_2@2x.png */,
				E055E0E918EB6CEB005B949F /* login_forgot_btn.png */,
				E055E0EA18EB6CEB005B949F /* login_forgot_btn@2x.png */,
				E055E0E118EB67A1005B949F /* login_register_btn.png */,
				E055E0E218EB67A1005B949F /* login_register_btn@2x.png */,
				E055E0D918EB64A0005B949F /* login_btn.png */,
				E055E0DA18EB64A0005B949F /* login_btn@2x.png */,
				E055E0DB18EB64A0005B949F /* login_fields.png */,
				E055E0DC18EB64A0005B949F /* login_fields@2x.png */,
			);
			path = login;
			sourceTree = "<group>";
		};
		E055E0ED18EB9EEC005B949F /* Controllers */ = {
			isa = PBXGroup;
			children = (
				E009467318F62DCF00786F96 /* Menu */,
				E055E0EE18EB9EEC005B949F /* ForgotPassword */,
				E055E0EF18EB9EEC005B949F /* Mall */,
				E055E0F018EB9EEC005B949F /* Register */,
			);
			path = Controllers;
			sourceTree = "<group>";
		};
		E055E0EE18EB9EEC005B949F /* ForgotPassword */ = {
			isa = PBXGroup;
			children = (
				E055E0F418EB9F34005B949F /* ForgotPasswordViewController.h */,
				E055E0F518EB9F34005B949F /* ForgotPasswordViewController.m */,
			);
			path = ForgotPassword;
			sourceTree = "<group>";
		};
		E055E0EF18EB9EEC005B949F /* Mall */ = {
			isa = PBXGroup;
			children = (
				E0170ABA18EE65990031756D /* MallViewController.h */,
				E0170ABB18EE65990031756D /* MallViewController.m */,
				E053CBE918F4D2D1006EB4CE /* MallListViewController.h */,
				E053CBEA18F4D2D1006EB4CE /* MallListViewController.m */,
				E053CBEC18F4D587006EB4CE /* MallTableViewCell.h */,
				E053CBED18F4D587006EB4CE /* MallTableViewCell.m */,
			);
			path = Mall;
			sourceTree = "<group>";
		};
		E055E0F018EB9EEC005B949F /* Register */ = {
			isa = PBXGroup;
			children = (
				E055E0F118EB9F16005B949F /* RegisterViewController.h */,
				E055E0F218EB9F17005B949F /* RegisterViewController.m */,
			);
			path = Register;
			sourceTree = "<group>";
		};
		E0F7D77F18F661F400AF3D79 /* Icons */ = {
			isa = PBXGroup;
			children = (
				E0F7D78018F661F400AF3D79 /* Appicon29x29.png */,
				E0F7D78118F661F400AF3D79 /* AppIcon29x29@2x.png */,
				E0F7D78218F661F400AF3D79 /* AppIcon40x40.png */,
				E0F7D78318F661F400AF3D79 /* AppIcon40x40@2x.png */,
				E0F7D78418F661F400AF3D79 /* AppIcon50x50.png */,
				E0F7D78518F661F400AF3D79 /* AppIcon50x50@2x.png */,
				E0F7D78618F661F400AF3D79 /* AppIcon57x57.png */,
				E0F7D78718F661F400AF3D79 /* AppIcon57x57@2x.png */,
				E0F7D78818F661F400AF3D79 /* AppIcon60x60.png */,
				E0F7D78918F661F400AF3D79 /* AppIcon60x60@2x.png */,
				E0F7D78A18F661F400AF3D79 /* AppIcon72x72.png */,
				E0F7D78B18F661F400AF3D79 /* AppIcon72x72@2x.png */,
				E0F7D78C18F661F500AF3D79 /* AppIcon76x76.png */,
				E0F7D78D18F661F500AF3D79 /* AppIcon76x76@2x.png */,
				E0F7D78E18F661F500AF3D79 /* iTunesArtwork.png */,
				E0F7D78F18F661F500AF3D79 /* iTunesArtwork@2x.png */,
			);
			path = Icons;
			sourceTree = "<group>";
		};
		E0F7D7A018F6FF9D00AF3D79 /* menu */ = {
			isa = PBXGroup;
			children = (
				E0F7D7A118F6FF9D00AF3D79 /* account.png */,
				E0F7D7A218F6FF9D00AF3D79 /* account@2X.png */,
				E0F7D7A318F6FF9D00AF3D79 /* changepass.png */,
				E0F7D7A418F6FF9D00AF3D79 /* changepass@2x.png */,
				E0F7D7A518F6FF9D00AF3D79 /* signout_btn.png */,
				E0F7D7A618F6FF9D00AF3D79 /* signout_btn@2x.png */,
			);
			path = menu;
			sourceTree = "<group>";
		};
		E0F7D7AD18F7113A00AF3D79 /* Account */ = {
			isa = PBXGroup;
			children = (
				E0F7D7B218F7117C00AF3D79 /* AccountViewController.h */,
				E0F7D7B318F7117C00AF3D79 /* AccountViewController.m */,
			);
			path = Account;
			sourceTree = "<group>";
		};
		E0F7D7AE18F7113A00AF3D79 /* ChangePassword */ = {
			isa = PBXGroup;
			children = (
				E0F7D7AF18F7116400AF3D79 /* ChangePasswordViewController.h */,
				E0F7D7B018F7116400AF3D79 /* ChangePasswordViewController.m */,
			);
			path = ChangePassword;
			sourceTree = "<group>";
		};
		E0F7D7B518F7494700AF3D79 /* textfield-left */ = {
			isa = PBXGroup;
			children = (
				E0F7D7CA18F74DD500AF3D79 /* textfield-left-call.png */,
				E0F7D7CB18F74DD500AF3D79 /* textfield-left-call@2x.png */,
				E0F7D7CC18F74DD500AF3D79 /* textfield-left-email.png */,
				E0F7D7CD18F74DD500AF3D79 /* textfield-left-email@2x.png */,
				E0F7D7CE18F74DD500AF3D79 /* textfield-left-key.png */,
				E0F7D7CF18F74DD500AF3D79 /* textfield-left-key@2x.png */,
				E0F7D7D018F74DD500AF3D79 /* textfield-left-user.png */,
				E0F7D7D118F74DD500AF3D79 /* textfield-left-user@2x.png */,
				E0F7D7C618F74CE100AF3D79 /* textfield_left_03 copy.png */,
				E0F7D7C718F74CE100AF3D79 /* textfield_left_03.png */,
				E0F7D7B618F7494700AF3D79 /* textfield_left_call.png */,
				E0F7D7B718F7494700AF3D79 /* textfield_left_call@2x.png */,
				E0F7D7B818F7494700AF3D79 /* textfield_left_email.png */,
				E0F7D7B918F7494700AF3D79 /* textfield_left_email@2x.png */,
				E0F7D7BA18F7494700AF3D79 /* textfield_left_key.png */,
				E0F7D7BB18F7494700AF3D79 /* textfield_left_key@2x.png */,
				E0F7D7BC18F7494700AF3D79 /* textfield_left_person.png */,
				E0F7D7BD18F7494700AF3D79 /* textfield_left_person@2x.png */,
			);
			path = "textfield-left";
			sourceTree = "<group>";
		};
		E0F7D7EA18F7576000AF3D79 /* Fonts */ = {
			isa = PBXGroup;
			children = (
				E0F7D7EB18F7576000AF3D79 /* Roboto-Black.ttf */,
				E0F7D7EC18F7576000AF3D79 /* Roboto-BlackItalic.ttf */,
				E0F7D7ED18F7576000AF3D79 /* Roboto-Bold.ttf */,
				E0F7D7EE18F7576000AF3D79 /* Roboto-BoldItalic.ttf */,
				E0F7D7EF18F7576000AF3D79 /* Roboto-Italic.ttf */,
				E0F7D7F018F7576000AF3D79 /* Roboto-Light.ttf */,
				E0F7D7F118F7576000AF3D79 /* Roboto-LightItalic.ttf */,
				E0F7D7F218F7576000AF3D79 /* Roboto-Medium.ttf */,
				E0F7D7F318F7576000AF3D79 /* Roboto-MediumItalic.ttf */,
				E0F7D7F418F7576000AF3D79 /* Roboto-Regular.ttf */,
				E0F7D7F518F7576000AF3D79 /* Roboto-Thin.ttf */,
				E0F7D7F618F7576000AF3D79 /* Roboto-ThinItalic.ttf */,
				E0F7D7F718F7576000AF3D79 /* RobotoCondensed-Bold.ttf */,
				E0F7D7F818F7576000AF3D79 /* RobotoCondensed-BoldItalic.ttf */,
				E0F7D7F918F7576000AF3D79 /* RobotoCondensed-Italic.ttf */,
				E0F7D7FA18F7576000AF3D79 /* RobotoCondensed-Light.ttf */,
				E0F7D7FB18F7576000AF3D79 /* RobotoCondensed-LightItalic.ttf */,
				E0F7D7FC18F7576000AF3D79 /* RobotoCondensed-Regular.ttf */,
			);
			path = Fonts;
			sourceTree = "<group>";
		};
/* End PBXGroup section */

/* Begin PBXNativeTarget section */
		E055E09E18EB5BD3005B949F /* UBI */ = {
			isa = PBXNativeTarget;
			buildConfigurationList = E055E0D118EB5BD4005B949F /* Build configuration list for PBXNativeTarget "UBI" */;
			buildPhases = (
				87D3BD369648469FA12E131E /* Check Pods Manifest.lock */,
				E055E09B18EB5BD3005B949F /* Sources */,
				E055E09C18EB5BD3005B949F /* Frameworks */,
				E055E09D18EB5BD3005B949F /* Resources */,
				01E00488E91C461CB0D3A593 /* Copy Pods Resources */,
			);
			buildRules = (
			);
			dependencies = (
			);
			name = UBI;
			productName = UBI;
			productReference = E055E09F18EB5BD3005B949F /* UBI.app */;
			productType = "com.apple.product-type.application";
		};
		E055E0BF18EB5BD4005B949F /* UBITests */ = {
			isa = PBXNativeTarget;
			buildConfigurationList = E055E0D418EB5BD4005B949F /* Build configuration list for PBXNativeTarget "UBITests" */;
			buildPhases = (
				E055E0BC18EB5BD4005B949F /* Sources */,
				E055E0BD18EB5BD4005B949F /* Frameworks */,
				E055E0BE18EB5BD4005B949F /* Resources */,
			);
			buildRules = (
			);
			dependencies = (
				E055E0C618EB5BD4005B949F /* PBXTargetDependency */,
			);
			name = UBITests;
			productName = UBITests;
			productReference = E055E0C018EB5BD4005B949F /* UBITests.xctest */;
			productType = "com.apple.product-type.bundle.unit-test";
		};
/* End PBXNativeTarget section */

/* Begin PBXProject section */
		E055E09718EB5BD3005B949F /* Project object */ = {
			isa = PBXProject;
			attributes = {
				CLASSPREFIX = UBI;
				LastUpgradeCheck = 0500;
				ORGANIZATIONNAME = "Krishna Mudiyala";
				TargetAttributes = {
					E055E0BF18EB5BD4005B949F = {
						TestTargetID = E055E09E18EB5BD3005B949F;
					};
				};
			};
			buildConfigurationList = E055E09A18EB5BD3005B949F /* Build configuration list for PBXProject "UBI" */;
			compatibilityVersion = "Xcode 3.2";
			developmentRegion = English;
			hasScannedForEncodings = 0;
			knownRegions = (
				en,
				Base,
			);
			mainGroup = E055E09618EB5BD3005B949F;
			productRefGroup = E055E0A018EB5BD3005B949F /* Products */;
			projectDirPath = "";
			projectRoot = "";
			targets = (
				E055E09E18EB5BD3005B949F /* UBI */,
				E055E0BF18EB5BD4005B949F /* UBITests */,
			);
		};
/* End PBXProject section */

/* Begin PBXResourcesBuildPhase section */
		E055E09D18EB5BD3005B949F /* Resources */ = {
			isa = PBXResourcesBuildPhase;
			buildActionMask = 2147483647;
			files = (
				E055E0DF18EB64A0005B949F /* login_fields.png in Resources */,
				E0170AC318EF51E00031756D /* settings_icon.png in Resources */,
				E0F7D7C518F7494700AF3D79 /* textfield_left_person@2x.png in Resources */,
				E055E0EC18EB6CEB005B949F /* login_forgot_btn@2x.png in Resources */,
				E0F7D7C018F7494700AF3D79 /* textfield_left_email.png in Resources */,
				E0F7D79E18F661F500AF3D79 /* iTunesArtwork.png in Resources */,
				E0170ABF18EF51510031756D /* menu.png in Resources */,
				E0F7D7E118F7551700AF3D79 /* register_btn_2@2x.png in Resources */,
				E0F7D7E018F7551700AF3D79 /* register_btn_2.png in Resources */,
				E0F7D7D418F74DD500AF3D79 /* textfield-left-email.png in Resources */,
				E0F7D80118F7576000AF3D79 /* Roboto-Italic.ttf in Resources */,
				E0F7D79118F661F500AF3D79 /* AppIcon29x29@2x.png in Resources */,
				E0F7D79818F661F500AF3D79 /* AppIcon60x60.png in Resources */,
				E055E0E318EB67A1005B949F /* login_register_btn.png in Resources */,
				E0F7D80218F7576000AF3D79 /* Roboto-Light.ttf in Resources */,
				E0170AC018EF51510031756D /* menu@2x.png in Resources */,
				E053CC0218F5CA29006EB4CE /* Default.png in Resources */,
				E0170AC418EF51E00031756D /* settings_icon@2x.png in Resources */,
				E0F7D80618F7576000AF3D79 /* Roboto-Regular.ttf in Resources */,
				E0F7D7C418F7494700AF3D79 /* textfield_left_person.png in Resources */,
				E0F7D80718F7576000AF3D79 /* Roboto-Thin.ttf in Resources */,
				E0F7D79F18F661F500AF3D79 /* iTunesArtwork@2x.png in Resources */,
				E0F7D7C818F74CE100AF3D79 /* textfield_left_03 copy.png in Resources */,
				E0F7D7E818F7552C00AF3D79 /* loginfields_btn_2.png in Resources */,
				E055E0DD18EB64A0005B949F /* login_btn.png in Resources */,
				E053CBF218F59754006EB4CE /* divider@2x.png in Resources */,
				E053CBF918F5BD90006EB4CE /* menu2.png in Resources */,
				E053CC0318F5CA29006EB4CE /* Default@2x.png in Resources */,
				E0F7D80018F7576000AF3D79 /* Roboto-BoldItalic.ttf in Resources */,
				E0F7D80318F7576000AF3D79 /* Roboto-LightItalic.ttf in Resources */,
				E0F7D80818F7576000AF3D79 /* Roboto-ThinItalic.ttf in Resources */,
				E0F7D7D718F74DD500AF3D79 /* textfield-left-key@2x.png in Resources */,
				E0F7D7E518F7551700AF3D79 /* submit_btn_2@2x.png in Resources */,
				E0F7D7A718F6FF9D00AF3D79 /* account.png in Resources */,
				E055E0E418EB67A1005B949F /* login_register_btn@2x.png in Resources */,
				E053CBF118F59754006EB4CE /* divider.png in Resources */,
				E0F7D7D818F74DD500AF3D79 /* textfield-left-user.png in Resources */,
				E0F7D7BF18F7494700AF3D79 /* textfield_left_call@2x.png in Resources */,
				E0F7D80A18F7576000AF3D79 /* RobotoCondensed-BoldItalic.ttf in Resources */,
				E0F7D7FE18F7576000AF3D79 /* Roboto-BlackItalic.ttf in Resources */,
				E0F7D7E918F7552C00AF3D79 /* loginfields_btn_2@2x.png in Resources */,
				E055E0BB18EB5BD4005B949F /* Images.xcassets in Resources */,
				E055E0DE18EB64A0005B949F /* login_btn@2x.png in Resources */,
				E0F7D7AA18F6FF9D00AF3D79 /* changepass@2x.png in Resources */,
				E0170AB118EE41AB0031756D /* register_btn.png in Resources */,
				E0F7D79018F661F500AF3D79 /* Appicon29x29.png in Resources */,
				E0F7D80C18F7576000AF3D79 /* RobotoCondensed-Light.ttf in Resources */,
				E0F7D7D318F74DD500AF3D79 /* textfield-left-call@2x.png in Resources */,
				E0170AB818EE5A1C0031756D /* submit_btn.png in Resources */,
				E0170AB918EE5A1C0031756D /* submit_btn@2x.png in Resources */,
				E055E0AD18EB5BD3005B949F /* InfoPlist.strings in Resources */,
				E0F7D7D618F74DD500AF3D79 /* textfield-left-key.png in Resources */,
				E0F7D7AB18F6FF9D00AF3D79 /* signout_btn.png in Resources */,
				E053CBF818F5BD90006EB4CE /* back_btn_2@2x.png in Resources */,
				E0170AC818EF52090031756D /* mall_image_placeholder.png in Resources */,
				E0F7D79A18F661F500AF3D79 /* AppIcon72x72.png in Resources */,
				E0F7D79718F661F500AF3D79 /* AppIcon57x57@2x.png in Resources */,
				E0F7D79918F661F500AF3D79 /* AppIcon60x60@2x.png in Resources */,
				E0170AB218EE41AB0031756D /* register_btn@2x.png in Resources */,
				E0170AC918EF52090031756D /* mall_image_placeholder@2x.png in Resources */,
				E0F7D7AC18F6FF9D00AF3D79 /* signout_btn@2x.png in Resources */,
				E0F7D79618F661F500AF3D79 /* AppIcon57x57.png in Resources */,
				E0F7D79218F661F500AF3D79 /* AppIcon40x40.png in Resources */,
				E055E0EB18EB6CEB005B949F /* login_forgot_btn.png in Resources */,
				E0F7D79518F661F500AF3D79 /* AppIcon50x50@2x.png in Resources */,
				E0F7D7C918F74CE100AF3D79 /* textfield_left_03.png in Resources */,
				E0F7D7FF18F7576000AF3D79 /* Roboto-Bold.ttf in Resources */,
				E0F7D7A918F6FF9D00AF3D79 /* changepass.png in Resources */,
				E0F7D7C218F7494700AF3D79 /* textfield_left_key.png in Resources */,
				E066080E18EF7E5400EAFB37 /* back_btn@2x.png in Resources */,
				E0F7D7BE18F7494700AF3D79 /* textfield_left_call.png in Resources */,
				E0F7D80B18F7576000AF3D79 /* RobotoCondensed-Italic.ttf in Resources */,
				E0F7D79C18F661F500AF3D79 /* AppIcon76x76.png in Resources */,
				E0F7D80518F7576000AF3D79 /* Roboto-MediumItalic.ttf in Resources */,
				E053CC0518F5CAB9006EB4CE /* Default-568h.png in Resources */,
				E0F7D7A818F6FF9D00AF3D79 /* account@2X.png in Resources */,
				E0F7D7D218F74DD500AF3D79 /* textfield-left-call.png in Resources */,
				E053CBF718F5BD90006EB4CE /* back_btn_2.png in Resources */,
				E0F7D7D918F74DD500AF3D79 /* textfield-left-user@2x.png in Resources */,
				E0F7D80918F7576000AF3D79 /* RobotoCondensed-Bold.ttf in Resources */,
				E066080D18EF7E5400EAFB37 /* back_btn.png in Resources */,
				E0F7D7C318F7494700AF3D79 /* textfield_left_key@2x.png in Resources */,
				E0170AB318EE41AB0031756D /* register_fields.png in Resources */,
				E055E0E018EB64A0005B949F /* login_fields@2x.png in Resources */,
				E0F7D79318F661F500AF3D79 /* AppIcon40x40@2x.png in Resources */,
				E053CBFA18F5BD90006EB4CE /* menu2@2x.png in Resources */,
				E0F7D7C118F7494700AF3D79 /* textfield_left_email@2x.png in Resources */,
				E055E0B618EB5BD4005B949F /* Main.storyboard in Resources */,
				E0F7D80418F7576000AF3D79 /* Roboto-Medium.ttf in Resources */,
				E0F7D79D18F661F500AF3D79 /* AppIcon76x76@2x.png in Resources */,
				E0F7D80D18F7576000AF3D79 /* RobotoCondensed-LightItalic.ttf in Resources */,
				E0F7D7E318F7551700AF3D79 /* signin_btn_2@2x.png in Resources */,
				E0F7D7E418F7551700AF3D79 /* submit_btn_2.png in Resources */,
				E0F7D7E218F7551700AF3D79 /* signin_btn_2.png in Resources */,
				E0F7D7FD18F7576000AF3D79 /* Roboto-Black.ttf in Resources */,
				E0170AB418EE41AB0031756D /* register_fields@2x.png in Resources */,
				E0F7D79B18F661F500AF3D79 /* AppIcon72x72@2x.png in Resources */,
				E0F7D7D518F74DD500AF3D79 /* textfield-left-email@2x.png in Resources */,
				E0F7D80E18F7576000AF3D79 /* RobotoCondensed-Regular.ttf in Resources */,
				E0F7D79418F661F500AF3D79 /* AppIcon50x50.png in Resources */,
			);
			runOnlyForDeploymentPostprocessing = 0;
		};
		E055E0BE18EB5BD4005B949F /* Resources */ = {
			isa = PBXResourcesBuildPhase;
			buildActionMask = 2147483647;
			files = (
				E055E0CC18EB5BD4005B949F /* InfoPlist.strings in Resources */,
			);
			runOnlyForDeploymentPostprocessing = 0;
		};
/* End PBXResourcesBuildPhase section */

/* Begin PBXShellScriptBuildPhase section */
		01E00488E91C461CB0D3A593 /* Copy Pods Resources */ = {
			isa = PBXShellScriptBuildPhase;
			buildActionMask = 2147483647;
			files = (
			);
			inputPaths = (
			);
			name = "Copy Pods Resources";
			outputPaths = (
			);
			runOnlyForDeploymentPostprocessing = 0;
			shellPath = /bin/sh;
			shellScript = "\"${SRCROOT}/Pods/Pods-resources.sh\"\n";
			showEnvVarsInLog = 0;
		};
		87D3BD369648469FA12E131E /* Check Pods Manifest.lock */ = {
			isa = PBXShellScriptBuildPhase;
			buildActionMask = 2147483647;
			files = (
			);
			inputPaths = (
			);
			name = "Check Pods Manifest.lock";
			outputPaths = (
			);
			runOnlyForDeploymentPostprocessing = 0;
			shellPath = /bin/sh;
			shellScript = "diff \"${PODS_ROOT}/../Podfile.lock\" \"${PODS_ROOT}/Manifest.lock\" > /dev/null\nif [[ $? != 0 ]] ; then\n    cat << EOM\nerror: The sandbox is not in sync with the Podfile.lock. Run 'pod install' or update your CocoaPods installation.\nEOM\n    exit 1\nfi\n";
			showEnvVarsInLog = 0;
		};
/* End PBXShellScriptBuildPhase section */

/* Begin PBXSourcesBuildPhase section */
		E055E09B18EB5BD3005B949F /* Sources */ = {
			isa = PBXSourcesBuildPhase;
			buildActionMask = 2147483647;
			files = (
				E055E0AF18EB5BD3005B949F /* main.m in Sources */,
				E0170AA218EDE7A50031756D /* MBAlertViewItem.m in Sources */,
				E0170AAB18EDE7A50031756D /* MBAlertAbstract.m in Sources */,
				E0170A7218EDE4720031756D /* User.m in Sources */,
				E0F7D7B418F7117C00AF3D79 /* AccountViewController.m in Sources */,
				E0170AA718EDE7A50031756D /* MBFlatAlertView.m in Sources */,
				E055E0B918EB5BD4005B949F /* UBIViewController.m in Sources */,
				E0170A9F18EDE7A50031756D /* UIView+Alert.m in Sources */,
				E0170AAA18EDE7A50031756D /* MBSpinningCircle.m in Sources */,
				E0170A9E18EDE7A50031756D /* UIFont+Alert.m in Sources */,
				E0170AA818EDE7A50031756D /* MBCheckMarkView.m in Sources */,
				E0170A6E18EDE3C80031756D /* UBISingleton.m in Sources */,
				E009467618F62DFC00786F96 /* MenuViewController.m in Sources */,
				E053CBE818F4CD96006EB4CE /* AsyncImageView.m in Sources */,
				E053CBEE18F4D587006EB4CE /* MallTableViewCell.m in Sources */,
				E0170AA018EDE7A50031756D /* MBAlertView.m in Sources */,
				E0170ABC18EE65990031756D /* MallViewController.m in Sources */,
				E0170AA618EDE7A50031756D /* MBFlatAlertButton.m in Sources */,
				E0170A9D18EDE7A50031756D /* NSString+Trim.m in Sources */,
				E0170AA418EDE7A50031756D /* UIView+Autolayout.m in Sources */,
				E0F7D7B118F7116400AF3D79 /* ChangePasswordViewController.m in Sources */,
				E055E0B318EB5BD3005B949F /* UBIAppDelegate.m in Sources */,
				E0170AA118EDE7A50031756D /* MBAlertViewButton.m in Sources */,
				E0170AA918EDE7A50031756D /* MBHUDView.m in Sources */,
				E0170AA318EDE7A50031756D /* AutoLayoutHelpers.m in Sources */,
				E055E0F618EB9F34005B949F /* ForgotPasswordViewController.m in Sources */,
				E055E0F318EB9F17005B949F /* RegisterViewController.m in Sources */,
				E0170A7518EDE4840031756D /* Mall.m in Sources */,
				E053CBEB18F4D2D1006EB4CE /* MallListViewController.m in Sources */,
				E0170AA518EDE7A50031756D /* MBFlatAlertAbstract.m in Sources */,
			);
			runOnlyForDeploymentPostprocessing = 0;
		};
		E055E0BC18EB5BD4005B949F /* Sources */ = {
			isa = PBXSourcesBuildPhase;
			buildActionMask = 2147483647;
			files = (
				E055E0CE18EB5BD4005B949F /* UBITests.m in Sources */,
			);
			runOnlyForDeploymentPostprocessing = 0;
		};
/* End PBXSourcesBuildPhase section */

/* Begin PBXTargetDependency section */
		E055E0C618EB5BD4005B949F /* PBXTargetDependency */ = {
			isa = PBXTargetDependency;
			target = E055E09E18EB5BD3005B949F /* UBI */;
			targetProxy = E055E0C518EB5BD4005B949F /* PBXContainerItemProxy */;
		};
/* End PBXTargetDependency section */

/* Begin PBXVariantGroup section */
		E055E0AB18EB5BD3005B949F /* InfoPlist.strings */ = {
			isa = PBXVariantGroup;
			children = (
				E055E0AC18EB5BD3005B949F /* en */,
			);
			name = InfoPlist.strings;
			sourceTree = "<group>";
		};
		E055E0B418EB5BD4005B949F /* Main.storyboard */ = {
			isa = PBXVariantGroup;
			children = (
				E055E0B518EB5BD4005B949F /* Base */,
			);
			name = Main.storyboard;
			sourceTree = "<group>";
		};
		E055E0CA18EB5BD4005B949F /* InfoPlist.strings */ = {
			isa = PBXVariantGroup;
			children = (
				E055E0CB18EB5BD4005B949F /* en */,
			);
			name = InfoPlist.strings;
			sourceTree = "<group>";
		};
/* End PBXVariantGroup section */

/* Begin XCBuildConfiguration section */
		E055E0CF18EB5BD4005B949F /* Debug */ = {
			isa = XCBuildConfiguration;
			buildSettings = {
				ALWAYS_SEARCH_USER_PATHS = NO;
				ARCHS = "$(ARCHS_STANDARD_INCLUDING_64_BIT)";
				CLANG_CXX_LANGUAGE_STANDARD = "gnu++0x";
				CLANG_CXX_LIBRARY = "libc++";
				CLANG_ENABLE_MODULES = YES;
				CLANG_ENABLE_OBJC_ARC = YES;
				CLANG_WARN_BOOL_CONVERSION = YES;
				CLANG_WARN_CONSTANT_CONVERSION = YES;
				CLANG_WARN_DIRECT_OBJC_ISA_USAGE = YES_ERROR;
				CLANG_WARN_EMPTY_BODY = YES;
				CLANG_WARN_ENUM_CONVERSION = YES;
				CLANG_WARN_INT_CONVERSION = YES;
				CLANG_WARN_OBJC_ROOT_CLASS = YES_ERROR;
				CLANG_WARN__DUPLICATE_METHOD_MATCH = YES;
				"CODE_SIGN_IDENTITY[sdk=iphoneos*]" = "iPhone Developer";
				COPY_PHASE_STRIP = NO;
				GCC_C_LANGUAGE_STANDARD = gnu99;
				GCC_DYNAMIC_NO_PIC = NO;
				GCC_OPTIMIZATION_LEVEL = 0;
				GCC_PREPROCESSOR_DEFINITIONS = (
					"DEBUG=1",
					"$(inherited)",
				);
				GCC_SYMBOLS_PRIVATE_EXTERN = NO;
				GCC_WARN_64_TO_32_BIT_CONVERSION = YES;
				GCC_WARN_ABOUT_RETURN_TYPE = YES_ERROR;
				GCC_WARN_UNDECLARED_SELECTOR = YES;
				GCC_WARN_UNINITIALIZED_AUTOS = YES;
				GCC_WARN_UNUSED_FUNCTION = YES;
				GCC_WARN_UNUSED_VARIABLE = YES;
				IPHONEOS_DEPLOYMENT_TARGET = 7.0;
				ONLY_ACTIVE_ARCH = YES;
				SDKROOT = iphoneos;
			};
			name = Debug;
		};
		E055E0D018EB5BD4005B949F /* Release */ = {
			isa = XCBuildConfiguration;
			buildSettings = {
				ALWAYS_SEARCH_USER_PATHS = NO;
				ARCHS = "$(ARCHS_STANDARD_INCLUDING_64_BIT)";
				CLANG_CXX_LANGUAGE_STANDARD = "gnu++0x";
				CLANG_CXX_LIBRARY = "libc++";
				CLANG_ENABLE_MODULES = YES;
				CLANG_ENABLE_OBJC_ARC = YES;
				CLANG_WARN_BOOL_CONVERSION = YES;
				CLANG_WARN_CONSTANT_CONVERSION = YES;
				CLANG_WARN_DIRECT_OBJC_ISA_USAGE = YES_ERROR;
				CLANG_WARN_EMPTY_BODY = YES;
				CLANG_WARN_ENUM_CONVERSION = YES;
				CLANG_WARN_INT_CONVERSION = YES;
				CLANG_WARN_OBJC_ROOT_CLASS = YES_ERROR;
				CLANG_WARN__DUPLICATE_METHOD_MATCH = YES;
				"CODE_SIGN_IDENTITY[sdk=iphoneos*]" = "iPhone Developer";
				COPY_PHASE_STRIP = YES;
				ENABLE_NS_ASSERTIONS = NO;
				GCC_C_LANGUAGE_STANDARD = gnu99;
				GCC_WARN_64_TO_32_BIT_CONVERSION = YES;
				GCC_WARN_ABOUT_RETURN_TYPE = YES_ERROR;
				GCC_WARN_UNDECLARED_SELECTOR = YES;
				GCC_WARN_UNINITIALIZED_AUTOS = YES;
				GCC_WARN_UNUSED_FUNCTION = YES;
				GCC_WARN_UNUSED_VARIABLE = YES;
				IPHONEOS_DEPLOYMENT_TARGET = 7.0;
				SDKROOT = iphoneos;
				VALIDATE_PRODUCT = YES;
			};
			name = Release;
		};
		E055E0D218EB5BD4005B949F /* Debug */ = {
			isa = XCBuildConfiguration;
			baseConfigurationReference = 474AAE2139364DF1B718DEF8 /* Pods.xcconfig */;
			buildSettings = {
				ASSETCATALOG_COMPILER_APPICON_NAME = "AppIcon-3";
				CODE_SIGN_IDENTITY = "iPhone Developer: Robert Resendez (TE6822H4G8)";
				GCC_PRECOMPILE_PREFIX_HEADER = YES;
				GCC_PREFIX_HEADER = "UBI/UBI-Prefix.pch";
				INFOPLIST_FILE = "UBI/UBI-Info.plist";
				PRODUCT_NAME = "$(TARGET_NAME)";
				PROVISIONING_PROFILE = "2EF47727-090A-4FE4-B166-D1ECC863F7B4";
				WRAPPER_EXTENSION = app;
			};
			name = Debug;
		};
		E055E0D318EB5BD4005B949F /* Release */ = {
			isa = XCBuildConfiguration;
			baseConfigurationReference = 474AAE2139364DF1B718DEF8 /* Pods.xcconfig */;
			buildSettings = {
				ASSETCATALOG_COMPILER_APPICON_NAME = "AppIcon-3";
				CODE_SIGN_IDENTITY = "iPhone Developer: Robert Resendez (TE6822H4G8)";
				GCC_PRECOMPILE_PREFIX_HEADER = YES;
				GCC_PREFIX_HEADER = "UBI/UBI-Prefix.pch";
				INFOPLIST_FILE = "UBI/UBI-Info.plist";
				PRODUCT_NAME = "$(TARGET_NAME)";
				PROVISIONING_PROFILE = "2EF47727-090A-4FE4-B166-D1ECC863F7B4";
				WRAPPER_EXTENSION = app;
			};
			name = Release;
		};
		E055E0D518EB5BD4005B949F /* Debug */ = {
			isa = XCBuildConfiguration;
			buildSettings = {
				ARCHS = "$(ARCHS_STANDARD_INCLUDING_64_BIT)";
				BUNDLE_LOADER = "$(BUILT_PRODUCTS_DIR)/UBI.app/UBI";
				FRAMEWORK_SEARCH_PATHS = (
					"$(SDKROOT)/Developer/Library/Frameworks",
					"$(inherited)",
					"$(DEVELOPER_FRAMEWORKS_DIR)",
				);
				GCC_PRECOMPILE_PREFIX_HEADER = YES;
				GCC_PREFIX_HEADER = "UBI/UBI-Prefix.pch";
				GCC_PREPROCESSOR_DEFINITIONS = (
					"DEBUG=1",
					"$(inherited)",
				);
				INFOPLIST_FILE = "UBITests/UBITests-Info.plist";
				PRODUCT_NAME = "$(TARGET_NAME)";
				TEST_HOST = "$(BUNDLE_LOADER)";
				WRAPPER_EXTENSION = xctest;
			};
			name = Debug;
		};
		E055E0D618EB5BD4005B949F /* Release */ = {
			isa = XCBuildConfiguration;
			buildSettings = {
				ARCHS = "$(ARCHS_STANDARD_INCLUDING_64_BIT)";
				BUNDLE_LOADER = "$(BUILT_PRODUCTS_DIR)/UBI.app/UBI";
				FRAMEWORK_SEARCH_PATHS = (
					"$(SDKROOT)/Developer/Library/Frameworks",
					"$(inherited)",
					"$(DEVELOPER_FRAMEWORKS_DIR)",
				);
				GCC_PRECOMPILE_PREFIX_HEADER = YES;
				GCC_PREFIX_HEADER = "UBI/UBI-Prefix.pch";
				INFOPLIST_FILE = "UBITests/UBITests-Info.plist";
				PRODUCT_NAME = "$(TARGET_NAME)";
				TEST_HOST = "$(BUNDLE_LOADER)";
				WRAPPER_EXTENSION = xctest;
			};
			name = Release;
		};
/* End XCBuildConfiguration section */

/* Begin XCConfigurationList section */
		E055E09A18EB5BD3005B949F /* Build configuration list for PBXProject "UBI" */ = {
			isa = XCConfigurationList;
			buildConfigurations = (
				E055E0CF18EB5BD4005B949F /* Debug */,
				E055E0D018EB5BD4005B949F /* Release */,
			);
			defaultConfigurationIsVisible = 0;
			defaultConfigurationName = Release;
		};
		E055E0D118EB5BD4005B949F /* Build configuration list for PBXNativeTarget "UBI" */ = {
			isa = XCConfigurationList;
			buildConfigurations = (
				E055E0D218EB5BD4005B949F /* Debug */,
				E055E0D318EB5BD4005B949F /* Release */,
			);
			defaultConfigurationIsVisible = 0;
			defaultConfigurationName = Release;
		};
		E055E0D418EB5BD4005B949F /* Build configuration list for PBXNativeTarget "UBITests" */ = {
			isa = XCConfigurationList;
			buildConfigurations = (
				E055E0D518EB5BD4005B949F /* Debug */,
				E055E0D618EB5BD4005B949F /* Release */,
			);
			defaultConfigurationIsVisible = 0;
			defaultConfigurationName = Release;
		};
/* End XCConfigurationList section */
	};
	rootObject = E055E09718EB5BD3005B949F /* Project object */;
}
